// !$*UTF8*$!
{
	archiveVersion = 1;
	classes = {
	};
	objectVersion = 46;
	objects = {

/* Begin PBXBuildFile section */
		380ED29313B05A0E00986433 /* ICTableViewCellCopyable.h in Headers */ = {isa = PBXBuildFile; fileRef = 380ED29113B05A0E00986433 /* ICTableViewCellCopyable.h */; };
		380ED29413B05A0E00986433 /* ICTableViewCellCopyable.m in Sources */ = {isa = PBXBuildFile; fileRef = 380ED29213B05A0E00986433 /* ICTableViewCellCopyable.m */; };
		382302BB14E671E700EA6EF2 /* ICCacheStorage.h in Headers */ = {isa = PBXBuildFile; fileRef = 382302B814E671E700EA6EF2 /* ICCacheStorage.h */; };
		382302BC14E671E700EA6EF2 /* ICCacheStorage.m in Sources */ = {isa = PBXBuildFile; fileRef = 382302B914E671E700EA6EF2 /* ICCacheStorage.m */; };
		382302BE14E671E700EA6EF2 /* ICCacheStorage.m in Sources */ = {isa = PBXBuildFile; fileRef = 382302B914E671E700EA6EF2 /* ICCacheStorage.m */; };
		382302C414E6AB4700EA6EF2 /* ICStorage.h in Headers */ = {isa = PBXBuildFile; fileRef = 382302C114E6AB4700EA6EF2 /* ICStorage.h */; };
		382302C514E6AB4700EA6EF2 /* ICStorage.m in Sources */ = {isa = PBXBuildFile; fileRef = 382302C214E6AB4700EA6EF2 /* ICStorage.m */; };
		382302C714E6AB4700EA6EF2 /* ICStorage.m in Sources */ = {isa = PBXBuildFile; fileRef = 382302C214E6AB4700EA6EF2 /* ICStorage.m */; };
		382302CB14E8123200EA6EF2 /* Foundation.framework in Frameworks */ = {isa = PBXBuildFile; fileRef = 38C7A9D014951D2C00381910 /* Foundation.framework */; };
		382302D114E8125900EA6EF2 /* IdealCocoaStorageTests.m in Sources */ = {isa = PBXBuildFile; fileRef = 382302CD14E8125900EA6EF2 /* IdealCocoaStorageTests.m */; };
		382302D314E8125900EA6EF2 /* IdealCocoaStorageTests.m in Sources */ = {isa = PBXBuildFile; fileRef = 382302CD14E8125900EA6EF2 /* IdealCocoaStorageTests.m */; };
		382302D414E814B900EA6EF2 /* IdealCocoaCacheTests.m in Sources */ = {isa = PBXBuildFile; fileRef = 3865F8A714E504FB008A6BA3 /* IdealCocoaCacheTests.m */; };
		382302D514E822B800EA6EF2 /* IdealCocoaTests.m in Sources */ = {isa = PBXBuildFile; fileRef = 383764F313373155007072FD /* IdealCocoaTests.m */; };
		382302D614E822B900EA6EF2 /* IdealCocoaTests.m in Sources */ = {isa = PBXBuildFile; fileRef = 383764F313373155007072FD /* IdealCocoaTests.m */; };
		3865F8A814E504FB008A6BA3 /* IdealCocoaCacheTests.m in Sources */ = {isa = PBXBuildFile; fileRef = 3865F8A714E504FB008A6BA3 /* IdealCocoaCacheTests.m */; };
		3865F8AD14E509B3008A6BA3 /* ICCacheRequest.h in Headers */ = {isa = PBXBuildFile; fileRef = 3865F8AA14E509B3008A6BA3 /* ICCacheRequest.h */; };
		3865F8AE14E509B3008A6BA3 /* ICCacheRequest.m in Sources */ = {isa = PBXBuildFile; fileRef = 3865F8AB14E509B3008A6BA3 /* ICCacheRequest.m */; };
		3865F8B014E509B3008A6BA3 /* ICCacheRequest.m in Sources */ = {isa = PBXBuildFile; fileRef = 3865F8AB14E509B3008A6BA3 /* ICCacheRequest.m */; };
		3868F882162DAA0C00C31163 /* UIImageCacheAdditions.h in Headers */ = {isa = PBXBuildFile; fileRef = 3868F880162DAA0C00C31163 /* UIImageCacheAdditions.h */; };
		3868F883162DAA0C00C31163 /* UIImageCacheAdditions.m in Sources */ = {isa = PBXBuildFile; fileRef = 3868F881162DAA0C00C31163 /* UIImageCacheAdditions.m */; };
		38730438133732DE004C8E89 /* Foundation.framework in Frameworks */ = {isa = PBXBuildFile; fileRef = 383764D713373154007072FD /* Foundation.framework */; };
		38730442133732DE004C8E89 /* UIKit.framework in Frameworks */ = {isa = PBXBuildFile; fileRef = 383764E213373155007072FD /* UIKit.framework */; };
		38730443133732DE004C8E89 /* Foundation.framework in Frameworks */ = {isa = PBXBuildFile; fileRef = 383764D713373154007072FD /* Foundation.framework */; };
		38730444133732DE004C8E89 /* CoreGraphics.framework in Frameworks */ = {isa = PBXBuildFile; fileRef = 383764E513373155007072FD /* CoreGraphics.framework */; };
		38730447133732DE004C8E89 /* libIdealUIKit.a in Frameworks */ = {isa = PBXBuildFile; fileRef = 38730437133732DE004C8E89 /* libIdealUIKit.a */; };
		38730450133732DE004C8E89 /* IdealUIKitTests.h in Resources */ = {isa = PBXBuildFile; fileRef = 3873044F133732DE004C8E89 /* IdealUIKitTests.h */; };
		38730452133732DE004C8E89 /* IdealUIKitTests.m in Sources */ = {isa = PBXBuildFile; fileRef = 38730451133732DE004C8E89 /* IdealUIKitTests.m */; };
		3873045A133732FE004C8E89 /* ICCache.h in Headers */ = {isa = PBXBuildFile; fileRef = 3837650D13373240007072FD /* ICCache.h */; settings = {ATTRIBUTES = (); }; };
		3873045B133732FE004C8E89 /* ICCache.m in Sources */ = {isa = PBXBuildFile; fileRef = 3837650E13373240007072FD /* ICCache.m */; };
		38730462133732FE004C8E89 /* ICPreference.h in Headers */ = {isa = PBXBuildFile; fileRef = 3837651513373240007072FD /* ICPreference.h */; settings = {ATTRIBUTES = (); }; };
		38730463133732FE004C8E89 /* ICPreference.m in Sources */ = {isa = PBXBuildFile; fileRef = 3837651613373240007072FD /* ICPreference.m */; };
		38730464133732FE004C8E89 /* ICSQLWrapper.h in Headers */ = {isa = PBXBuildFile; fileRef = 3837651713373240007072FD /* ICSQLWrapper.h */; settings = {ATTRIBUTES = (); }; };
		38730466133732FE004C8E89 /* ICSqlite3.h in Headers */ = {isa = PBXBuildFile; fileRef = 3837651913373240007072FD /* ICSqlite3.h */; settings = {ATTRIBUTES = (); }; };
		3873046A133732FE004C8E89 /* ICXML.h in Headers */ = {isa = PBXBuildFile; fileRef = 3837651D13373240007072FD /* ICXML.h */; settings = {ATTRIBUTES = (); }; };
		3873046D133732FE004C8E89 /* IdealCocoa.h in Headers */ = {isa = PBXBuildFile; fileRef = 3837652013373240007072FD /* IdealCocoa.h */; settings = {ATTRIBUTES = (); }; };
		388DE17A165547CA00139B31 /* FoundationExtension.h in Headers */ = {isa = PBXBuildFile; fileRef = 388DE14A165547CA00139B31 /* FoundationExtension.h */; };
		388DE17B165547CA00139B31 /* FoundationExtension.h in Headers */ = {isa = PBXBuildFile; fileRef = 388DE14A165547CA00139B31 /* FoundationExtension.h */; };
		388DE17C165547CA00139B31 /* NSAArray.h in Headers */ = {isa = PBXBuildFile; fileRef = 388DE14B165547CA00139B31 /* NSAArray.h */; };
		388DE17D165547CA00139B31 /* NSAArray.h in Headers */ = {isa = PBXBuildFile; fileRef = 388DE14B165547CA00139B31 /* NSAArray.h */; };
		388DE17E165547CA00139B31 /* NSAArray.m in Sources */ = {isa = PBXBuildFile; fileRef = 388DE14C165547CA00139B31 /* NSAArray.m */; };
		388DE17F165547CA00139B31 /* NSAArray.m in Sources */ = {isa = PBXBuildFile; fileRef = 388DE14C165547CA00139B31 /* NSAArray.m */; };
		388DE180165547CA00139B31 /* NSAClass.h in Headers */ = {isa = PBXBuildFile; fileRef = 388DE14D165547CA00139B31 /* NSAClass.h */; };
		388DE181165547CA00139B31 /* NSAClass.h in Headers */ = {isa = PBXBuildFile; fileRef = 388DE14D165547CA00139B31 /* NSAClass.h */; };
		388DE182165547CA00139B31 /* NSAClass.m in Sources */ = {isa = PBXBuildFile; fileRef = 388DE14E165547CA00139B31 /* NSAClass.m */; };
		388DE183165547CA00139B31 /* NSAClass.m in Sources */ = {isa = PBXBuildFile; fileRef = 388DE14E165547CA00139B31 /* NSAClass.m */; };
		388DE184165547CA00139B31 /* NSACommonDigest.h in Headers */ = {isa = PBXBuildFile; fileRef = 388DE14F165547CA00139B31 /* NSACommonDigest.h */; };
		388DE185165547CA00139B31 /* NSACommonDigest.h in Headers */ = {isa = PBXBuildFile; fileRef = 388DE14F165547CA00139B31 /* NSACommonDigest.h */; };
		388DE186165547CA00139B31 /* NSACommonDigest.m in Sources */ = {isa = PBXBuildFile; fileRef = 388DE150165547CA00139B31 /* NSACommonDigest.m */; };
		388DE187165547CA00139B31 /* NSACommonDigest.m in Sources */ = {isa = PBXBuildFile; fileRef = 388DE150165547CA00139B31 /* NSACommonDigest.m */; };
		388DE188165547CA00139B31 /* NSADataObject.h in Headers */ = {isa = PBXBuildFile; fileRef = 388DE151165547CA00139B31 /* NSADataObject.h */; };
		388DE189165547CA00139B31 /* NSADataObject.h in Headers */ = {isa = PBXBuildFile; fileRef = 388DE151165547CA00139B31 /* NSADataObject.h */; };
		388DE18A165547CA00139B31 /* NSADataObject.m in Sources */ = {isa = PBXBuildFile; fileRef = 388DE152165547CA00139B31 /* NSADataObject.m */; };
		388DE18B165547CA00139B31 /* NSADataObject.m in Sources */ = {isa = PBXBuildFile; fileRef = 388DE152165547CA00139B31 /* NSADataObject.m */; };
		388DE18C165547CA00139B31 /* NSADictionary.h in Headers */ = {isa = PBXBuildFile; fileRef = 388DE153165547CA00139B31 /* NSADictionary.h */; };
		388DE18D165547CA00139B31 /* NSADictionary.h in Headers */ = {isa = PBXBuildFile; fileRef = 388DE153165547CA00139B31 /* NSADictionary.h */; };
		388DE18E165547CA00139B31 /* NSADictionary.m in Sources */ = {isa = PBXBuildFile; fileRef = 388DE154165547CA00139B31 /* NSADictionary.m */; };
		388DE18F165547CA00139B31 /* NSADictionary.m in Sources */ = {isa = PBXBuildFile; fileRef = 388DE154165547CA00139B31 /* NSADictionary.m */; };
		388DE190165547CA00139B31 /* NSAFunctional.h in Headers */ = {isa = PBXBuildFile; fileRef = 388DE155165547CA00139B31 /* NSAFunctional.h */; };
		388DE191165547CA00139B31 /* NSAFunctional.h in Headers */ = {isa = PBXBuildFile; fileRef = 388DE155165547CA00139B31 /* NSAFunctional.h */; };
		388DE192165547CA00139B31 /* NSAFunctional.m in Sources */ = {isa = PBXBuildFile; fileRef = 388DE156165547CA00139B31 /* NSAFunctional.m */; };
		388DE193165547CA00139B31 /* NSAFunctional.m in Sources */ = {isa = PBXBuildFile; fileRef = 388DE156165547CA00139B31 /* NSAFunctional.m */; };
		388DE194165547CA00139B31 /* NSAOrderedDictionary.h in Headers */ = {isa = PBXBuildFile; fileRef = 388DE157165547CA00139B31 /* NSAOrderedDictionary.h */; };
		388DE195165547CA00139B31 /* NSAOrderedDictionary.h in Headers */ = {isa = PBXBuildFile; fileRef = 388DE157165547CA00139B31 /* NSAOrderedDictionary.h */; };
		388DE196165547CA00139B31 /* NSAOrderedDictionary.m in Sources */ = {isa = PBXBuildFile; fileRef = 388DE158165547CA00139B31 /* NSAOrderedDictionary.m */; };
		388DE197165547CA00139B31 /* NSAOrderedDictionary.m in Sources */ = {isa = PBXBuildFile; fileRef = 388DE158165547CA00139B31 /* NSAOrderedDictionary.m */; };
		388DE198165547CA00139B31 /* NSArray.h in Headers */ = {isa = PBXBuildFile; fileRef = 388DE159165547CA00139B31 /* NSArray.h */; };
		388DE199165547CA00139B31 /* NSArray.h in Headers */ = {isa = PBXBuildFile; fileRef = 388DE159165547CA00139B31 /* NSArray.h */; };
		388DE19A165547CA00139B31 /* NSArray.m in Sources */ = {isa = PBXBuildFile; fileRef = 388DE15A165547CA00139B31 /* NSArray.m */; };
		388DE19B165547CA00139B31 /* NSArray.m in Sources */ = {isa = PBXBuildFile; fileRef = 388DE15A165547CA00139B31 /* NSArray.m */; };
		388DE19C165547CA00139B31 /* NSAString.h in Headers */ = {isa = PBXBuildFile; fileRef = 388DE15B165547CA00139B31 /* NSAString.h */; };
		388DE19D165547CA00139B31 /* NSAString.h in Headers */ = {isa = PBXBuildFile; fileRef = 388DE15B165547CA00139B31 /* NSAString.h */; };
		388DE19E165547CA00139B31 /* NSAString.m in Sources */ = {isa = PBXBuildFile; fileRef = 388DE15C165547CA00139B31 /* NSAString.m */; };
		388DE19F165547CA00139B31 /* NSAString.m in Sources */ = {isa = PBXBuildFile; fileRef = 388DE15C165547CA00139B31 /* NSAString.m */; };
		388DE1A0165547CA00139B31 /* NSAttributedString.h in Headers */ = {isa = PBXBuildFile; fileRef = 388DE15D165547CA00139B31 /* NSAttributedString.h */; };
		388DE1A1165547CA00139B31 /* NSAttributedString.h in Headers */ = {isa = PBXBuildFile; fileRef = 388DE15D165547CA00139B31 /* NSAttributedString.h */; };
		388DE1A2165547CA00139B31 /* NSAttributedString.m in Sources */ = {isa = PBXBuildFile; fileRef = 388DE15E165547CA00139B31 /* NSAttributedString.m */; };
		388DE1A3165547CA00139B31 /* NSAttributedString.m in Sources */ = {isa = PBXBuildFile; fileRef = 388DE15E165547CA00139B31 /* NSAttributedString.m */; };
		388DE1A4165547CA00139B31 /* NSBundle.h in Headers */ = {isa = PBXBuildFile; fileRef = 388DE15F165547CA00139B31 /* NSBundle.h */; };
		388DE1A5165547CA00139B31 /* NSBundle.h in Headers */ = {isa = PBXBuildFile; fileRef = 388DE15F165547CA00139B31 /* NSBundle.h */; };
		388DE1A6165547CA00139B31 /* NSBundle.m in Sources */ = {isa = PBXBuildFile; fileRef = 388DE160165547CA00139B31 /* NSBundle.m */; };
		388DE1A7165547CA00139B31 /* NSBundle.m in Sources */ = {isa = PBXBuildFile; fileRef = 388DE160165547CA00139B31 /* NSBundle.m */; };
		388DE1A8165547CA00139B31 /* NSData.h in Headers */ = {isa = PBXBuildFile; fileRef = 388DE161165547CA00139B31 /* NSData.h */; };
		388DE1A9165547CA00139B31 /* NSData.h in Headers */ = {isa = PBXBuildFile; fileRef = 388DE161165547CA00139B31 /* NSData.h */; };
		388DE1AA165547CA00139B31 /* NSData.m in Sources */ = {isa = PBXBuildFile; fileRef = 388DE162165547CA00139B31 /* NSData.m */; };
		388DE1AB165547CA00139B31 /* NSData.m in Sources */ = {isa = PBXBuildFile; fileRef = 388DE162165547CA00139B31 /* NSData.m */; };
		388DE1AC165547CA00139B31 /* NSDate.h in Headers */ = {isa = PBXBuildFile; fileRef = 388DE163165547CA00139B31 /* NSDate.h */; };
		388DE1AD165547CA00139B31 /* NSDate.h in Headers */ = {isa = PBXBuildFile; fileRef = 388DE163165547CA00139B31 /* NSDate.h */; };
		388DE1AE165547CA00139B31 /* NSDate.m in Sources */ = {isa = PBXBuildFile; fileRef = 388DE164165547CA00139B31 /* NSDate.m */; };
		388DE1AF165547CA00139B31 /* NSDate.m in Sources */ = {isa = PBXBuildFile; fileRef = 388DE164165547CA00139B31 /* NSDate.m */; };
		388DE1B0165547CA00139B31 /* NSDictionary.h in Headers */ = {isa = PBXBuildFile; fileRef = 388DE165165547CA00139B31 /* NSDictionary.h */; };
		388DE1B1165547CA00139B31 /* NSDictionary.h in Headers */ = {isa = PBXBuildFile; fileRef = 388DE165165547CA00139B31 /* NSDictionary.h */; };
		388DE1B2165547CA00139B31 /* NSDictionary.m in Sources */ = {isa = PBXBuildFile; fileRef = 388DE166165547CA00139B31 /* NSDictionary.m */; };
		388DE1B3165547CA00139B31 /* NSDictionary.m in Sources */ = {isa = PBXBuildFile; fileRef = 388DE166165547CA00139B31 /* NSDictionary.m */; };
		388DE1B4165547CA00139B31 /* NSJSONSerialization.h in Headers */ = {isa = PBXBuildFile; fileRef = 388DE167165547CA00139B31 /* NSJSONSerialization.h */; };
		388DE1B5165547CA00139B31 /* NSJSONSerialization.h in Headers */ = {isa = PBXBuildFile; fileRef = 388DE167165547CA00139B31 /* NSJSONSerialization.h */; };
		388DE1B6165547CA00139B31 /* NSJSONSerialization.m in Sources */ = {isa = PBXBuildFile; fileRef = 388DE168165547CA00139B31 /* NSJSONSerialization.m */; };
		388DE1B7165547CA00139B31 /* NSJSONSerialization.m in Sources */ = {isa = PBXBuildFile; fileRef = 388DE168165547CA00139B31 /* NSJSONSerialization.m */; };
		388DE1B8165547CA00139B31 /* NSNumberFormatter.h in Headers */ = {isa = PBXBuildFile; fileRef = 388DE169165547CA00139B31 /* NSNumberFormatter.h */; };
		388DE1B9165547CA00139B31 /* NSNumberFormatter.h in Headers */ = {isa = PBXBuildFile; fileRef = 388DE169165547CA00139B31 /* NSNumberFormatter.h */; };
		388DE1BA165547CA00139B31 /* NSNumberFormatter.m in Sources */ = {isa = PBXBuildFile; fileRef = 388DE16A165547CA00139B31 /* NSNumberFormatter.m */; };
		388DE1BB165547CB00139B31 /* NSNumberFormatter.m in Sources */ = {isa = PBXBuildFile; fileRef = 388DE16A165547CA00139B31 /* NSNumberFormatter.m */; };
		388DE1BC165547CB00139B31 /* NSObject.h in Headers */ = {isa = PBXBuildFile; fileRef = 388DE16B165547CA00139B31 /* NSObject.h */; };
		388DE1BD165547CB00139B31 /* NSObject.h in Headers */ = {isa = PBXBuildFile; fileRef = 388DE16B165547CA00139B31 /* NSObject.h */; };
		388DE1BE165547CB00139B31 /* NSObject.m in Sources */ = {isa = PBXBuildFile; fileRef = 388DE16C165547CA00139B31 /* NSObject.m */; };
		388DE1BF165547CB00139B31 /* NSObject.m in Sources */ = {isa = PBXBuildFile; fileRef = 388DE16C165547CA00139B31 /* NSObject.m */; };
		388DE1C0165547CB00139B31 /* NSPathUtilities.h in Headers */ = {isa = PBXBuildFile; fileRef = 388DE16D165547CA00139B31 /* NSPathUtilities.h */; };
		388DE1C1165547CB00139B31 /* NSPathUtilities.h in Headers */ = {isa = PBXBuildFile; fileRef = 388DE16D165547CA00139B31 /* NSPathUtilities.h */; };
		388DE1C2165547CB00139B31 /* NSPathUtilities.m in Sources */ = {isa = PBXBuildFile; fileRef = 388DE16E165547CA00139B31 /* NSPathUtilities.m */; };
		388DE1C3165547CB00139B31 /* NSPathUtilities.m in Sources */ = {isa = PBXBuildFile; fileRef = 388DE16E165547CA00139B31 /* NSPathUtilities.m */; };
		388DE1C4165547CB00139B31 /* NSString.h in Headers */ = {isa = PBXBuildFile; fileRef = 388DE16F165547CA00139B31 /* NSString.h */; };
		388DE1C5165547CB00139B31 /* NSString.h in Headers */ = {isa = PBXBuildFile; fileRef = 388DE16F165547CA00139B31 /* NSString.h */; };
		388DE1C6165547CB00139B31 /* NSString.m in Sources */ = {isa = PBXBuildFile; fileRef = 388DE170165547CA00139B31 /* NSString.m */; };
		388DE1C7165547CB00139B31 /* NSString.m in Sources */ = {isa = PBXBuildFile; fileRef = 388DE170165547CA00139B31 /* NSString.m */; };
		388DE1C8165547CB00139B31 /* NSStringEncoding.h in Headers */ = {isa = PBXBuildFile; fileRef = 388DE171165547CA00139B31 /* NSStringEncoding.h */; };
		388DE1C9165547CB00139B31 /* NSStringEncoding.h in Headers */ = {isa = PBXBuildFile; fileRef = 388DE171165547CA00139B31 /* NSStringEncoding.h */; };
		388DE1CA165547CB00139B31 /* NSTimer.h in Headers */ = {isa = PBXBuildFile; fileRef = 388DE172165547CA00139B31 /* NSTimer.h */; };
		388DE1CB165547CB00139B31 /* NSTimer.h in Headers */ = {isa = PBXBuildFile; fileRef = 388DE172165547CA00139B31 /* NSTimer.h */; };
		388DE1CC165547CB00139B31 /* NSTimer.m in Sources */ = {isa = PBXBuildFile; fileRef = 388DE173165547CA00139B31 /* NSTimer.m */; };
		388DE1CD165547CB00139B31 /* NSTimer.m in Sources */ = {isa = PBXBuildFile; fileRef = 388DE173165547CA00139B31 /* NSTimer.m */; };
		388DE1CE165547CB00139B31 /* NSURL.h in Headers */ = {isa = PBXBuildFile; fileRef = 388DE174165547CA00139B31 /* NSURL.h */; };
		388DE1CF165547CB00139B31 /* NSURL.h in Headers */ = {isa = PBXBuildFile; fileRef = 388DE174165547CA00139B31 /* NSURL.h */; };
		388DE1D0165547CB00139B31 /* NSURL.m in Sources */ = {isa = PBXBuildFile; fileRef = 388DE175165547CA00139B31 /* NSURL.m */; };
		388DE1D1165547CB00139B31 /* NSURL.m in Sources */ = {isa = PBXBuildFile; fileRef = 388DE175165547CA00139B31 /* NSURL.m */; };
		388DE1D2165547CB00139B31 /* NSURLRequest.h in Headers */ = {isa = PBXBuildFile; fileRef = 388DE176165547CA00139B31 /* NSURLRequest.h */; };
		388DE1D3165547CB00139B31 /* NSURLRequest.h in Headers */ = {isa = PBXBuildFile; fileRef = 388DE176165547CA00139B31 /* NSURLRequest.h */; };
		388DE1D4165547CB00139B31 /* NSURLRequest.m in Sources */ = {isa = PBXBuildFile; fileRef = 388DE177165547CA00139B31 /* NSURLRequest.m */; };
		388DE1D5165547CB00139B31 /* NSURLRequest.m in Sources */ = {isa = PBXBuildFile; fileRef = 388DE177165547CA00139B31 /* NSURLRequest.m */; };
		388DE1D6165547CB00139B31 /* NSURLRequestCreations.h in Headers */ = {isa = PBXBuildFile; fileRef = 388DE178165547CA00139B31 /* NSURLRequestCreations.h */; };
		388DE1D7165547CB00139B31 /* NSURLRequestCreations.h in Headers */ = {isa = PBXBuildFile; fileRef = 388DE178165547CA00139B31 /* NSURLRequestCreations.h */; };
		388DE1D8165547CB00139B31 /* NSURLRequestCreations.m in Sources */ = {isa = PBXBuildFile; fileRef = 388DE179165547CA00139B31 /* NSURLRequestCreations.m */; };
		388DE1D9165547CB00139B31 /* NSURLRequestCreations.m in Sources */ = {isa = PBXBuildFile; fileRef = 388DE179165547CA00139B31 /* NSURLRequestCreations.m */; };
		388DE2011655490400139B31 /* NSAttributedString.h in Headers */ = {isa = PBXBuildFile; fileRef = 388DE1E71655490400139B31 /* NSAttributedString.h */; };
		388DE2021655490400139B31 /* NSAttributedString.m in Sources */ = {isa = PBXBuildFile; fileRef = 388DE1E81655490400139B31 /* NSAttributedString.m */; };
		388DE2031655490400139B31 /* UIAlertView.h in Headers */ = {isa = PBXBuildFile; fileRef = 388DE1EF1655490400139B31 /* UIAlertView.h */; };
		388DE2041655490400139B31 /* UIAlertView.m in Sources */ = {isa = PBXBuildFile; fileRef = 388DE1F01655490400139B31 /* UIAlertView.m */; };
		388DE2051655490400139B31 /* UIApplication.h in Headers */ = {isa = PBXBuildFile; fileRef = 388DE1F11655490400139B31 /* UIApplication.h */; };
		388DE2061655490400139B31 /* UIApplication.m in Sources */ = {isa = PBXBuildFile; fileRef = 388DE1F21655490400139B31 /* UIApplication.m */; };
		388DE2071655490400139B31 /* UIColor.h in Headers */ = {isa = PBXBuildFile; fileRef = 388DE1F31655490400139B31 /* UIColor.h */; };
		388DE2081655490400139B31 /* UIColor.m in Sources */ = {isa = PBXBuildFile; fileRef = 388DE1F41655490400139B31 /* UIColor.m */; };
		388DE2091655490400139B31 /* UIControl.h in Headers */ = {isa = PBXBuildFile; fileRef = 388DE1F51655490400139B31 /* UIControl.h */; };
		388DE20A1655490400139B31 /* UIControl.m in Sources */ = {isa = PBXBuildFile; fileRef = 388DE1F61655490400139B31 /* UIControl.m */; };
		388DE20B1655490400139B31 /* UIDevice.h in Headers */ = {isa = PBXBuildFile; fileRef = 388DE1F71655490400139B31 /* UIDevice.h */; };
		388DE20C1655490400139B31 /* UIDevice.m in Sources */ = {isa = PBXBuildFile; fileRef = 388DE1F81655490400139B31 /* UIDevice.m */; };
		388DE20D1655490400139B31 /* UIImage.h in Headers */ = {isa = PBXBuildFile; fileRef = 388DE1F91655490400139B31 /* UIImage.h */; };
		388DE20E1655490400139B31 /* UIImage.m in Sources */ = {isa = PBXBuildFile; fileRef = 388DE1FA1655490400139B31 /* UIImage.m */; };
		388DE2101655490400139B31 /* UIKitExtension.h in Headers */ = {isa = PBXBuildFile; fileRef = 388DE1FC1655490400139B31 /* UIKitExtension.h */; };
		388DE2111655490400139B31 /* UIScrollView.h in Headers */ = {isa = PBXBuildFile; fileRef = 388DE1FD1655490400139B31 /* UIScrollView.h */; };
		388DE2121655490400139B31 /* UIScrollView.m in Sources */ = {isa = PBXBuildFile; fileRef = 388DE1FE1655490400139B31 /* UIScrollView.m */; };
		388DE2131655490400139B31 /* UIWebView.h in Headers */ = {isa = PBXBuildFile; fileRef = 388DE1FF1655490400139B31 /* UIWebView.h */; };
		388DE2141655490400139B31 /* UIWebView.m in Sources */ = {isa = PBXBuildFile; fileRef = 388DE2001655490400139B31 /* UIWebView.m */; };
		38C7A98A1495181800381910 /* SenTestingKit.framework in Frameworks */ = {isa = PBXBuildFile; fileRef = 38C7A9891495181800381910 /* SenTestingKit.framework */; };
		38C7A98E1495181800381910 /* IdealCocoa.framework in Frameworks */ = {isa = PBXBuildFile; fileRef = 38C7A9721495181800381910 /* IdealCocoa.framework */; };
		38C7A9941495181900381910 /* InfoPlist.strings in Resources */ = {isa = PBXBuildFile; fileRef = 38C7A9921495181900381910 /* InfoPlist.strings */; };
		38C7A9A114951C3300381910 /* IdealCocoa.h in Headers */ = {isa = PBXBuildFile; fileRef = 3837652013373240007072FD /* IdealCocoa.h */; settings = {ATTRIBUTES = (Public, ); }; };
		38C7A9A214951C3300381910 /* ICCache.h in Headers */ = {isa = PBXBuildFile; fileRef = 3837650D13373240007072FD /* ICCache.h */; settings = {ATTRIBUTES = (Public, ); }; };
		38C7A9A314951C3300381910 /* ICCache.m in Sources */ = {isa = PBXBuildFile; fileRef = 3837650E13373240007072FD /* ICCache.m */; };
		38C7A9AA14951C3300381910 /* ICPreference.h in Headers */ = {isa = PBXBuildFile; fileRef = 3837651513373240007072FD /* ICPreference.h */; settings = {ATTRIBUTES = (Public, ); }; };
		38C7A9AB14951C3300381910 /* ICPreference.m in Sources */ = {isa = PBXBuildFile; fileRef = 3837651613373240007072FD /* ICPreference.m */; };
		38C7A9AC14951C3300381910 /* ICSQLWrapper.h in Headers */ = {isa = PBXBuildFile; fileRef = 3837651713373240007072FD /* ICSQLWrapper.h */; settings = {ATTRIBUTES = (Public, ); }; };
		38C7A9AE14951C3300381910 /* ICSqlite3.h in Headers */ = {isa = PBXBuildFile; fileRef = 3837651913373240007072FD /* ICSqlite3.h */; settings = {ATTRIBUTES = (Public, ); }; };
		38C7A9B214951C3300381910 /* ICXML.h in Headers */ = {isa = PBXBuildFile; fileRef = 3837651D13373240007072FD /* ICXML.h */; settings = {ATTRIBUTES = (Public, ); }; };
		38C7A9D114951D2C00381910 /* Foundation.framework in Frameworks */ = {isa = PBXBuildFile; fileRef = 38C7A9D014951D2C00381910 /* Foundation.framework */; };
		38F2CF681337381F004FB9C2 /* ICCoverFlowView.h in Headers */ = {isa = PBXBuildFile; fileRef = 38F2CF531337381E004FB9C2 /* ICCoverFlowView.h */; settings = {ATTRIBUTES = (); }; };
		38F2CF691337381F004FB9C2 /* ICCoverFlowView.m in Sources */ = {isa = PBXBuildFile; fileRef = 38F2CF541337381E004FB9C2 /* ICCoverFlowView.m */; };
		38F2CF6A1337381F004FB9C2 /* ICImageCachedControls.h in Headers */ = {isa = PBXBuildFile; fileRef = 38F2CF551337381E004FB9C2 /* ICImageCachedControls.h */; settings = {ATTRIBUTES = (); }; };
		38F2CF6B1337381F004FB9C2 /* ICImageCachedControls.m in Sources */ = {isa = PBXBuildFile; fileRef = 38F2CF561337381E004FB9C2 /* ICImageCachedControls.m */; };
		38F2CF6C1337381F004FB9C2 /* IdealUIKit.h in Headers */ = {isa = PBXBuildFile; fileRef = 38F2CF571337381E004FB9C2 /* IdealUIKit.h */; settings = {ATTRIBUTES = (); }; };
		38F2CF771337381F004FB9C2 /* UIEventScrollView.h in Headers */ = {isa = PBXBuildFile; fileRef = 38F2CF621337381F004FB9C2 /* UIEventScrollView.h */; settings = {ATTRIBUTES = (); }; };
		38F2CF781337381F004FB9C2 /* UIEventScrollView.m in Sources */ = {isa = PBXBuildFile; fileRef = 38F2CF631337381F004FB9C2 /* UIEventScrollView.m */; };
/* End PBXBuildFile section */

/* Begin PBXContainerItemProxy section */
		38730445133732DE004C8E89 /* PBXContainerItemProxy */ = {
			isa = PBXContainerItemProxy;
			containerPortal = 383764CB13373154007072FD /* Project object */;
			proxyType = 1;
			remoteGlobalIDString = 38730436133732DE004C8E89;
			remoteInfo = IdealUIKit;
		};
		38C7A98C1495181800381910 /* PBXContainerItemProxy */ = {
			isa = PBXContainerItemProxy;
			containerPortal = 383764CB13373154007072FD /* Project object */;
			proxyType = 1;
			remoteGlobalIDString = 38C7A9711495181800381910;
			remoteInfo = IdealCocoa;
		};
/* End PBXContainerItemProxy section */

/* Begin PBXFileReference section */
		380ED29113B05A0E00986433 /* ICTableViewCellCopyable.h */ = {isa = PBXFileReference; fileEncoding = 4; lastKnownFileType = sourcecode.c.h; path = ICTableViewCellCopyable.h; sourceTree = "<group>"; };
		380ED29213B05A0E00986433 /* ICTableViewCellCopyable.m */ = {isa = PBXFileReference; fileEncoding = 4; lastKnownFileType = sourcecode.c.objc; path = ICTableViewCellCopyable.m; sourceTree = "<group>"; };
		382302B814E671E700EA6EF2 /* ICCacheStorage.h */ = {isa = PBXFileReference; fileEncoding = 4; lastKnownFileType = sourcecode.c.h; path = ICCacheStorage.h; sourceTree = "<group>"; };
		382302B914E671E700EA6EF2 /* ICCacheStorage.m */ = {isa = PBXFileReference; fileEncoding = 4; lastKnownFileType = sourcecode.c.objc; path = ICCacheStorage.m; sourceTree = "<group>"; };
		382302C114E6AB4700EA6EF2 /* ICStorage.h */ = {isa = PBXFileReference; fileEncoding = 4; lastKnownFileType = sourcecode.c.h; path = ICStorage.h; sourceTree = "<group>"; };
		382302C214E6AB4700EA6EF2 /* ICStorage.m */ = {isa = PBXFileReference; fileEncoding = 4; lastKnownFileType = sourcecode.c.objc; path = ICStorage.m; sourceTree = "<group>"; };
		382302CD14E8125900EA6EF2 /* IdealCocoaStorageTests.m */ = {isa = PBXFileReference; fileEncoding = 4; lastKnownFileType = sourcecode.c.objc; path = IdealCocoaStorageTests.m; sourceTree = "<group>"; };
		383764D713373154007072FD /* Foundation.framework */ = {isa = PBXFileReference; lastKnownFileType = wrapper.framework; name = Foundation.framework; path = System/Library/Frameworks/Foundation.framework; sourceTree = SDKROOT; };
		383764E213373155007072FD /* UIKit.framework */ = {isa = PBXFileReference; lastKnownFileType = wrapper.framework; name = UIKit.framework; path = System/Library/Frameworks/UIKit.framework; sourceTree = SDKROOT; };
		383764E513373155007072FD /* CoreGraphics.framework */ = {isa = PBXFileReference; lastKnownFileType = wrapper.framework; name = CoreGraphics.framework; path = System/Library/Frameworks/CoreGraphics.framework; sourceTree = SDKROOT; };
		383764EC13373155007072FD /* IdealCocoaTests-Info.plist */ = {isa = PBXFileReference; lastKnownFileType = text.plist.xml; path = "IdealCocoaTests-Info.plist"; sourceTree = "<group>"; };
		383764F013373155007072FD /* IdealCocoaTests-Prefix.pch */ = {isa = PBXFileReference; lastKnownFileType = sourcecode.c.h; path = "IdealCocoaTests-Prefix.pch"; sourceTree = "<group>"; };
		383764F113373155007072FD /* IdealCocoaTests.h */ = {isa = PBXFileReference; lastKnownFileType = sourcecode.c.h; path = IdealCocoaTests.h; sourceTree = "<group>"; };
		383764F313373155007072FD /* IdealCocoaTests.m */ = {isa = PBXFileReference; lastKnownFileType = sourcecode.c.objc; path = IdealCocoaTests.m; sourceTree = "<group>"; };
		3837650B13373222007072FD /* IdealCocoa_Prefix.pch */ = {isa = PBXFileReference; fileEncoding = 4; lastKnownFileType = sourcecode.c.h; path = IdealCocoa_Prefix.pch; sourceTree = "<group>"; };
		3837650D13373240007072FD /* ICCache.h */ = {isa = PBXFileReference; fileEncoding = 4; lastKnownFileType = sourcecode.c.h; path = ICCache.h; sourceTree = "<group>"; };
		3837650E13373240007072FD /* ICCache.m */ = {isa = PBXFileReference; fileEncoding = 4; lastKnownFileType = sourcecode.c.objc; path = ICCache.m; sourceTree = "<group>"; };
		3837651513373240007072FD /* ICPreference.h */ = {isa = PBXFileReference; fileEncoding = 4; lastKnownFileType = sourcecode.c.h; path = ICPreference.h; sourceTree = "<group>"; };
		3837651613373240007072FD /* ICPreference.m */ = {isa = PBXFileReference; fileEncoding = 4; lastKnownFileType = sourcecode.c.objc; path = ICPreference.m; sourceTree = "<group>"; };
		3837651713373240007072FD /* ICSQLWrapper.h */ = {isa = PBXFileReference; fileEncoding = 4; lastKnownFileType = sourcecode.c.h; path = ICSQLWrapper.h; sourceTree = "<group>"; };
		3837651913373240007072FD /* ICSqlite3.h */ = {isa = PBXFileReference; fileEncoding = 4; lastKnownFileType = sourcecode.c.h; path = ICSqlite3.h; sourceTree = "<group>"; };
		3837651D13373240007072FD /* ICXML.h */ = {isa = PBXFileReference; fileEncoding = 4; lastKnownFileType = sourcecode.c.h; path = ICXML.h; sourceTree = "<group>"; };
		3837652013373240007072FD /* IdealCocoa.h */ = {isa = PBXFileReference; fileEncoding = 4; lastKnownFileType = sourcecode.c.h; path = IdealCocoa.h; sourceTree = "<group>"; };
		3837658B13373280007072FD /* IdealUIKit_Prefix.pch */ = {isa = PBXFileReference; fileEncoding = 4; lastKnownFileType = sourcecode.c.h; path = IdealUIKit_Prefix.pch; sourceTree = "<group>"; };
		3865F8A614E504FB008A6BA3 /* IdealCocoaCacheTests.h */ = {isa = PBXFileReference; fileEncoding = 4; lastKnownFileType = sourcecode.c.h; path = IdealCocoaCacheTests.h; sourceTree = "<group>"; };
		3865F8A714E504FB008A6BA3 /* IdealCocoaCacheTests.m */ = {isa = PBXFileReference; fileEncoding = 4; lastKnownFileType = sourcecode.c.objc; path = IdealCocoaCacheTests.m; sourceTree = "<group>"; };
		3865F8AA14E509B3008A6BA3 /* ICCacheRequest.h */ = {isa = PBXFileReference; fileEncoding = 4; lastKnownFileType = sourcecode.c.h; path = ICCacheRequest.h; sourceTree = "<group>"; };
		3865F8AB14E509B3008A6BA3 /* ICCacheRequest.m */ = {isa = PBXFileReference; fileEncoding = 4; lastKnownFileType = sourcecode.c.objc; path = ICCacheRequest.m; sourceTree = "<group>"; };
		38660A24161AD86000C5CE06 /* Cocoa.framework */ = {isa = PBXFileReference; lastKnownFileType = wrapper.framework; name = Cocoa.framework; path = System/Library/Frameworks/Cocoa.framework; sourceTree = SDKROOT; };
		3868F3B11628801600C31163 /* LICENSE */ = {isa = PBXFileReference; lastKnownFileType = text; path = LICENSE; sourceTree = "<group>"; };
		3868F3B21628801600C31163 /* debug.h */ = {isa = PBXFileReference; lastKnownFileType = sourcecode.c.h; path = debug.h; sourceTree = "<group>"; };
		3868F880162DAA0C00C31163 /* UIImageCacheAdditions.h */ = {isa = PBXFileReference; fileEncoding = 4; lastKnownFileType = sourcecode.c.h; path = UIImageCacheAdditions.h; sourceTree = "<group>"; };
		3868F881162DAA0C00C31163 /* UIImageCacheAdditions.m */ = {isa = PBXFileReference; fileEncoding = 4; lastKnownFileType = sourcecode.c.objc; path = UIImageCacheAdditions.m; sourceTree = "<group>"; };
		3868F884162DAB5A00C31163 /* IdealCocoaStorageTests.h */ = {isa = PBXFileReference; fileEncoding = 4; lastKnownFileType = sourcecode.c.h; path = IdealCocoaStorageTests.h; sourceTree = "<group>"; };
		38730437133732DE004C8E89 /* libIdealUIKit.a */ = {isa = PBXFileReference; explicitFileType = archive.ar; includeInIndex = 0; path = libIdealUIKit.a; sourceTree = BUILT_PRODUCTS_DIR; };
		38730441133732DE004C8E89 /* IdealUIKitTests.octest */ = {isa = PBXFileReference; explicitFileType = wrapper.cfbundle; includeInIndex = 0; path = IdealUIKitTests.octest; sourceTree = BUILT_PRODUCTS_DIR; };
		3873044A133732DE004C8E89 /* IdealUIKitTests-Info.plist */ = {isa = PBXFileReference; lastKnownFileType = text.plist.xml; path = "IdealUIKitTests-Info.plist"; sourceTree = "<group>"; };
		3873044E133732DE004C8E89 /* IdealUIKitTests-Prefix.pch */ = {isa = PBXFileReference; lastKnownFileType = sourcecode.c.h; path = "IdealUIKitTests-Prefix.pch"; sourceTree = "<group>"; };
		3873044F133732DE004C8E89 /* IdealUIKitTests.h */ = {isa = PBXFileReference; lastKnownFileType = sourcecode.c.h; path = IdealUIKitTests.h; sourceTree = "<group>"; };
		38730451133732DE004C8E89 /* IdealUIKitTests.m */ = {isa = PBXFileReference; lastKnownFileType = sourcecode.c.objc; path = IdealUIKitTests.m; sourceTree = "<group>"; };
		388DE14A165547CA00139B31 /* FoundationExtension.h */ = {isa = PBXFileReference; fileEncoding = 4; lastKnownFileType = sourcecode.c.h; path = FoundationExtension.h; sourceTree = "<group>"; };
		388DE14B165547CA00139B31 /* NSAArray.h */ = {isa = PBXFileReference; fileEncoding = 4; lastKnownFileType = sourcecode.c.h; path = NSAArray.h; sourceTree = "<group>"; };
		388DE14C165547CA00139B31 /* NSAArray.m */ = {isa = PBXFileReference; fileEncoding = 4; lastKnownFileType = sourcecode.c.objc; path = NSAArray.m; sourceTree = "<group>"; };
		388DE14D165547CA00139B31 /* NSAClass.h */ = {isa = PBXFileReference; fileEncoding = 4; lastKnownFileType = sourcecode.c.h; path = NSAClass.h; sourceTree = "<group>"; };
		388DE14E165547CA00139B31 /* NSAClass.m */ = {isa = PBXFileReference; fileEncoding = 4; lastKnownFileType = sourcecode.c.objc; path = NSAClass.m; sourceTree = "<group>"; };
		388DE14F165547CA00139B31 /* NSACommonDigest.h */ = {isa = PBXFileReference; fileEncoding = 4; lastKnownFileType = sourcecode.c.h; path = NSACommonDigest.h; sourceTree = "<group>"; };
		388DE150165547CA00139B31 /* NSACommonDigest.m */ = {isa = PBXFileReference; fileEncoding = 4; lastKnownFileType = sourcecode.c.objc; path = NSACommonDigest.m; sourceTree = "<group>"; };
		388DE151165547CA00139B31 /* NSADataObject.h */ = {isa = PBXFileReference; fileEncoding = 4; lastKnownFileType = sourcecode.c.h; path = NSADataObject.h; sourceTree = "<group>"; };
		388DE152165547CA00139B31 /* NSADataObject.m */ = {isa = PBXFileReference; fileEncoding = 4; lastKnownFileType = sourcecode.c.objc; path = NSADataObject.m; sourceTree = "<group>"; };
		388DE153165547CA00139B31 /* NSADictionary.h */ = {isa = PBXFileReference; fileEncoding = 4; lastKnownFileType = sourcecode.c.h; path = NSADictionary.h; sourceTree = "<group>"; };
		388DE154165547CA00139B31 /* NSADictionary.m */ = {isa = PBXFileReference; fileEncoding = 4; lastKnownFileType = sourcecode.c.objc; path = NSADictionary.m; sourceTree = "<group>"; };
		388DE155165547CA00139B31 /* NSAFunctional.h */ = {isa = PBXFileReference; fileEncoding = 4; lastKnownFileType = sourcecode.c.h; path = NSAFunctional.h; sourceTree = "<group>"; };
		388DE156165547CA00139B31 /* NSAFunctional.m */ = {isa = PBXFileReference; fileEncoding = 4; lastKnownFileType = sourcecode.c.objc; path = NSAFunctional.m; sourceTree = "<group>"; };
		388DE157165547CA00139B31 /* NSAOrderedDictionary.h */ = {isa = PBXFileReference; fileEncoding = 4; lastKnownFileType = sourcecode.c.h; path = NSAOrderedDictionary.h; sourceTree = "<group>"; };
		388DE158165547CA00139B31 /* NSAOrderedDictionary.m */ = {isa = PBXFileReference; fileEncoding = 4; lastKnownFileType = sourcecode.c.objc; path = NSAOrderedDictionary.m; sourceTree = "<group>"; };
		388DE159165547CA00139B31 /* NSArray.h */ = {isa = PBXFileReference; fileEncoding = 4; lastKnownFileType = sourcecode.c.h; path = NSArray.h; sourceTree = "<group>"; };
		388DE15A165547CA00139B31 /* NSArray.m */ = {isa = PBXFileReference; fileEncoding = 4; lastKnownFileType = sourcecode.c.objc; path = NSArray.m; sourceTree = "<group>"; };
		388DE15B165547CA00139B31 /* NSAString.h */ = {isa = PBXFileReference; fileEncoding = 4; lastKnownFileType = sourcecode.c.h; path = NSAString.h; sourceTree = "<group>"; };
		388DE15C165547CA00139B31 /* NSAString.m */ = {isa = PBXFileReference; fileEncoding = 4; lastKnownFileType = sourcecode.c.objc; path = NSAString.m; sourceTree = "<group>"; };
		388DE15D165547CA00139B31 /* NSAttributedString.h */ = {isa = PBXFileReference; fileEncoding = 4; lastKnownFileType = sourcecode.c.h; path = NSAttributedString.h; sourceTree = "<group>"; };
		388DE15E165547CA00139B31 /* NSAttributedString.m */ = {isa = PBXFileReference; fileEncoding = 4; lastKnownFileType = sourcecode.c.objc; path = NSAttributedString.m; sourceTree = "<group>"; };
		388DE15F165547CA00139B31 /* NSBundle.h */ = {isa = PBXFileReference; fileEncoding = 4; lastKnownFileType = sourcecode.c.h; path = NSBundle.h; sourceTree = "<group>"; };
		388DE160165547CA00139B31 /* NSBundle.m */ = {isa = PBXFileReference; fileEncoding = 4; lastKnownFileType = sourcecode.c.objc; path = NSBundle.m; sourceTree = "<group>"; };
		388DE161165547CA00139B31 /* NSData.h */ = {isa = PBXFileReference; fileEncoding = 4; lastKnownFileType = sourcecode.c.h; path = NSData.h; sourceTree = "<group>"; };
		388DE162165547CA00139B31 /* NSData.m */ = {isa = PBXFileReference; fileEncoding = 4; lastKnownFileType = sourcecode.c.objc; path = NSData.m; sourceTree = "<group>"; };
		388DE163165547CA00139B31 /* NSDate.h */ = {isa = PBXFileReference; fileEncoding = 4; lastKnownFileType = sourcecode.c.h; path = NSDate.h; sourceTree = "<group>"; };
		388DE164165547CA00139B31 /* NSDate.m */ = {isa = PBXFileReference; fileEncoding = 4; lastKnownFileType = sourcecode.c.objc; path = NSDate.m; sourceTree = "<group>"; };
		388DE165165547CA00139B31 /* NSDictionary.h */ = {isa = PBXFileReference; fileEncoding = 4; lastKnownFileType = sourcecode.c.h; path = NSDictionary.h; sourceTree = "<group>"; };
		388DE166165547CA00139B31 /* NSDictionary.m */ = {isa = PBXFileReference; fileEncoding = 4; lastKnownFileType = sourcecode.c.objc; path = NSDictionary.m; sourceTree = "<group>"; };
		388DE167165547CA00139B31 /* NSJSONSerialization.h */ = {isa = PBXFileReference; fileEncoding = 4; lastKnownFileType = sourcecode.c.h; path = NSJSONSerialization.h; sourceTree = "<group>"; };
		388DE168165547CA00139B31 /* NSJSONSerialization.m */ = {isa = PBXFileReference; fileEncoding = 4; lastKnownFileType = sourcecode.c.objc; path = NSJSONSerialization.m; sourceTree = "<group>"; };
		388DE169165547CA00139B31 /* NSNumberFormatter.h */ = {isa = PBXFileReference; fileEncoding = 4; lastKnownFileType = sourcecode.c.h; path = NSNumberFormatter.h; sourceTree = "<group>"; };
		388DE16A165547CA00139B31 /* NSNumberFormatter.m */ = {isa = PBXFileReference; fileEncoding = 4; lastKnownFileType = sourcecode.c.objc; path = NSNumberFormatter.m; sourceTree = "<group>"; };
		388DE16B165547CA00139B31 /* NSObject.h */ = {isa = PBXFileReference; fileEncoding = 4; lastKnownFileType = sourcecode.c.h; path = NSObject.h; sourceTree = "<group>"; };
		388DE16C165547CA00139B31 /* NSObject.m */ = {isa = PBXFileReference; fileEncoding = 4; lastKnownFileType = sourcecode.c.objc; path = NSObject.m; sourceTree = "<group>"; };
		388DE16D165547CA00139B31 /* NSPathUtilities.h */ = {isa = PBXFileReference; fileEncoding = 4; lastKnownFileType = sourcecode.c.h; path = NSPathUtilities.h; sourceTree = "<group>"; };
		388DE16E165547CA00139B31 /* NSPathUtilities.m */ = {isa = PBXFileReference; fileEncoding = 4; lastKnownFileType = sourcecode.c.objc; path = NSPathUtilities.m; sourceTree = "<group>"; };
		388DE16F165547CA00139B31 /* NSString.h */ = {isa = PBXFileReference; fileEncoding = 4; lastKnownFileType = sourcecode.c.h; path = NSString.h; sourceTree = "<group>"; };
		388DE170165547CA00139B31 /* NSString.m */ = {isa = PBXFileReference; fileEncoding = 4; lastKnownFileType = sourcecode.c.objc; path = NSString.m; sourceTree = "<group>"; };
		388DE171165547CA00139B31 /* NSStringEncoding.h */ = {isa = PBXFileReference; fileEncoding = 4; lastKnownFileType = sourcecode.c.h; path = NSStringEncoding.h; sourceTree = "<group>"; };
		388DE172165547CA00139B31 /* NSTimer.h */ = {isa = PBXFileReference; fileEncoding = 4; lastKnownFileType = sourcecode.c.h; path = NSTimer.h; sourceTree = "<group>"; };
		388DE173165547CA00139B31 /* NSTimer.m */ = {isa = PBXFileReference; fileEncoding = 4; lastKnownFileType = sourcecode.c.objc; path = NSTimer.m; sourceTree = "<group>"; };
		388DE174165547CA00139B31 /* NSURL.h */ = {isa = PBXFileReference; fileEncoding = 4; lastKnownFileType = sourcecode.c.h; path = NSURL.h; sourceTree = "<group>"; };
		388DE175165547CA00139B31 /* NSURL.m */ = {isa = PBXFileReference; fileEncoding = 4; lastKnownFileType = sourcecode.c.objc; path = NSURL.m; sourceTree = "<group>"; };
		388DE176165547CA00139B31 /* NSURLRequest.h */ = {isa = PBXFileReference; fileEncoding = 4; lastKnownFileType = sourcecode.c.h; path = NSURLRequest.h; sourceTree = "<group>"; };
		388DE177165547CA00139B31 /* NSURLRequest.m */ = {isa = PBXFileReference; fileEncoding = 4; lastKnownFileType = sourcecode.c.objc; path = NSURLRequest.m; sourceTree = "<group>"; };
		388DE178165547CA00139B31 /* NSURLRequestCreations.h */ = {isa = PBXFileReference; fileEncoding = 4; lastKnownFileType = sourcecode.c.h; path = NSURLRequestCreations.h; sourceTree = "<group>"; };
		388DE179165547CA00139B31 /* NSURLRequestCreations.m */ = {isa = PBXFileReference; fileEncoding = 4; lastKnownFileType = sourcecode.c.objc; path = NSURLRequestCreations.m; sourceTree = "<group>"; };
		388DE1E71655490400139B31 /* NSAttributedString.h */ = {isa = PBXFileReference; fileEncoding = 4; lastKnownFileType = sourcecode.c.h; name = NSAttributedString.h; path = "FoundationExtension-repo/UIKitExtension/NSAttributedString.h"; sourceTree = SOURCE_ROOT; };
		388DE1E81655490400139B31 /* NSAttributedString.m */ = {isa = PBXFileReference; fileEncoding = 4; lastKnownFileType = sourcecode.c.objc; name = NSAttributedString.m; path = "FoundationExtension-repo/UIKitExtension/NSAttributedString.m"; sourceTree = SOURCE_ROOT; };
		388DE1EF1655490400139B31 /* UIAlertView.h */ = {isa = PBXFileReference; fileEncoding = 4; lastKnownFileType = sourcecode.c.h; name = UIAlertView.h; path = "FoundationExtension-repo/UIKitExtension/UIAlertView.h"; sourceTree = SOURCE_ROOT; };
		388DE1F01655490400139B31 /* UIAlertView.m */ = {isa = PBXFileReference; fileEncoding = 4; lastKnownFileType = sourcecode.c.objc; name = UIAlertView.m; path = "FoundationExtension-repo/UIKitExtension/UIAlertView.m"; sourceTree = SOURCE_ROOT; };
		388DE1F11655490400139B31 /* UIApplication.h */ = {isa = PBXFileReference; fileEncoding = 4; lastKnownFileType = sourcecode.c.h; name = UIApplication.h; path = "FoundationExtension-repo/UIKitExtension/UIApplication.h"; sourceTree = SOURCE_ROOT; };
		388DE1F21655490400139B31 /* UIApplication.m */ = {isa = PBXFileReference; fileEncoding = 4; lastKnownFileType = sourcecode.c.objc; name = UIApplication.m; path = "FoundationExtension-repo/UIKitExtension/UIApplication.m"; sourceTree = SOURCE_ROOT; };
		388DE1F31655490400139B31 /* UIColor.h */ = {isa = PBXFileReference; fileEncoding = 4; lastKnownFileType = sourcecode.c.h; name = UIColor.h; path = "FoundationExtension-repo/UIKitExtension/UIColor.h"; sourceTree = SOURCE_ROOT; };
		388DE1F41655490400139B31 /* UIColor.m */ = {isa = PBXFileReference; fileEncoding = 4; lastKnownFileType = sourcecode.c.objc; name = UIColor.m; path = "FoundationExtension-repo/UIKitExtension/UIColor.m"; sourceTree = SOURCE_ROOT; };
		388DE1F51655490400139B31 /* UIControl.h */ = {isa = PBXFileReference; fileEncoding = 4; lastKnownFileType = sourcecode.c.h; name = UIControl.h; path = "FoundationExtension-repo/UIKitExtension/UIControl.h"; sourceTree = SOURCE_ROOT; };
		388DE1F61655490400139B31 /* UIControl.m */ = {isa = PBXFileReference; fileEncoding = 4; lastKnownFileType = sourcecode.c.objc; name = UIControl.m; path = "FoundationExtension-repo/UIKitExtension/UIControl.m"; sourceTree = SOURCE_ROOT; };
		388DE1F71655490400139B31 /* UIDevice.h */ = {isa = PBXFileReference; fileEncoding = 4; lastKnownFileType = sourcecode.c.h; name = UIDevice.h; path = "FoundationExtension-repo/UIKitExtension/UIDevice.h"; sourceTree = SOURCE_ROOT; };
		388DE1F81655490400139B31 /* UIDevice.m */ = {isa = PBXFileReference; fileEncoding = 4; lastKnownFileType = sourcecode.c.objc; name = UIDevice.m; path = "FoundationExtension-repo/UIKitExtension/UIDevice.m"; sourceTree = SOURCE_ROOT; };
		388DE1F91655490400139B31 /* UIImage.h */ = {isa = PBXFileReference; fileEncoding = 4; lastKnownFileType = sourcecode.c.h; name = UIImage.h; path = "FoundationExtension-repo/UIKitExtension/UIImage.h"; sourceTree = SOURCE_ROOT; };
		388DE1FA1655490400139B31 /* UIImage.m */ = {isa = PBXFileReference; fileEncoding = 4; lastKnownFileType = sourcecode.c.objc; name = UIImage.m; path = "FoundationExtension-repo/UIKitExtension/UIImage.m"; sourceTree = SOURCE_ROOT; };
		388DE1FC1655490400139B31 /* UIKitExtension.h */ = {isa = PBXFileReference; fileEncoding = 4; lastKnownFileType = sourcecode.c.h; name = UIKitExtension.h; path = "FoundationExtension-repo/UIKitExtension/UIKitExtension.h"; sourceTree = SOURCE_ROOT; };
		388DE1FD1655490400139B31 /* UIScrollView.h */ = {isa = PBXFileReference; fileEncoding = 4; lastKnownFileType = sourcecode.c.h; name = UIScrollView.h; path = "FoundationExtension-repo/UIKitExtension/UIScrollView.h"; sourceTree = SOURCE_ROOT; };
		388DE1FE1655490400139B31 /* UIScrollView.m */ = {isa = PBXFileReference; fileEncoding = 4; lastKnownFileType = sourcecode.c.objc; name = UIScrollView.m; path = "FoundationExtension-repo/UIKitExtension/UIScrollView.m"; sourceTree = SOURCE_ROOT; };
		388DE1FF1655490400139B31 /* UIWebView.h */ = {isa = PBXFileReference; fileEncoding = 4; lastKnownFileType = sourcecode.c.h; name = UIWebView.h; path = "FoundationExtension-repo/UIKitExtension/UIWebView.h"; sourceTree = SOURCE_ROOT; };
		388DE2001655490400139B31 /* UIWebView.m */ = {isa = PBXFileReference; fileEncoding = 4; lastKnownFileType = sourcecode.c.objc; name = UIWebView.m; path = "FoundationExtension-repo/UIKitExtension/UIWebView.m"; sourceTree = SOURCE_ROOT; };
		38C7A9721495181800381910 /* IdealCocoa.framework */ = {isa = PBXFileReference; explicitFileType = wrapper.framework; includeInIndex = 0; path = IdealCocoa.framework; sourceTree = BUILT_PRODUCTS_DIR; };
		38C7A9761495181800381910 /* AppKit.framework */ = {isa = PBXFileReference; lastKnownFileType = wrapper.framework; name = AppKit.framework; path = Library/Frameworks/AppKit.framework; sourceTree = SDKROOT; };
		38C7A9771495181800381910 /* CoreData.framework */ = {isa = PBXFileReference; lastKnownFileType = wrapper.framework; name = CoreData.framework; path = Library/Frameworks/CoreData.framework; sourceTree = SDKROOT; };
		38C7A9781495181800381910 /* Foundation.framework */ = {isa = PBXFileReference; lastKnownFileType = wrapper.framework; name = Foundation.framework; path = Library/Frameworks/Foundation.framework; sourceTree = SDKROOT; };
		38C7A97B1495181800381910 /* IdealCocoa-Info.plist */ = {isa = PBXFileReference; lastKnownFileType = text.plist.xml; path = "IdealCocoa-Info.plist"; sourceTree = "<group>"; };
		38C7A9881495181800381910 /* IdealCocoaTests.octest */ = {isa = PBXFileReference; explicitFileType = wrapper.cfbundle; includeInIndex = 0; path = IdealCocoaTests.octest; sourceTree = BUILT_PRODUCTS_DIR; };
		38C7A9891495181800381910 /* SenTestingKit.framework */ = {isa = PBXFileReference; lastKnownFileType = wrapper.framework; name = SenTestingKit.framework; path = Library/Frameworks/SenTestingKit.framework; sourceTree = DEVELOPER_DIR; };
		38C7A9931495181900381910 /* en */ = {isa = PBXFileReference; lastKnownFileType = text.plist.strings; name = en; path = en.lproj/InfoPlist.strings; sourceTree = "<group>"; };
		38C7A9D014951D2C00381910 /* Foundation.framework */ = {isa = PBXFileReference; lastKnownFileType = wrapper.framework; name = Foundation.framework; path = SDKs/MacOSX10.7.sdk/System/Library/Frameworks/Foundation.framework; sourceTree = DEVELOPER_DIR; };
		38F2CF531337381E004FB9C2 /* ICCoverFlowView.h */ = {isa = PBXFileReference; fileEncoding = 4; lastKnownFileType = sourcecode.c.h; path = ICCoverFlowView.h; sourceTree = "<group>"; };
		38F2CF541337381E004FB9C2 /* ICCoverFlowView.m */ = {isa = PBXFileReference; fileEncoding = 4; lastKnownFileType = sourcecode.c.objc; path = ICCoverFlowView.m; sourceTree = "<group>"; };
		38F2CF551337381E004FB9C2 /* ICImageCachedControls.h */ = {isa = PBXFileReference; fileEncoding = 4; lastKnownFileType = sourcecode.c.h; path = ICImageCachedControls.h; sourceTree = "<group>"; };
		38F2CF561337381E004FB9C2 /* ICImageCachedControls.m */ = {isa = PBXFileReference; fileEncoding = 4; lastKnownFileType = sourcecode.c.objc; path = ICImageCachedControls.m; sourceTree = "<group>"; };
		38F2CF571337381E004FB9C2 /* IdealUIKit.h */ = {isa = PBXFileReference; fileEncoding = 4; lastKnownFileType = sourcecode.c.h; path = IdealUIKit.h; sourceTree = "<group>"; };
		38F2CF621337381F004FB9C2 /* UIEventScrollView.h */ = {isa = PBXFileReference; fileEncoding = 4; lastKnownFileType = sourcecode.c.h; path = UIEventScrollView.h; sourceTree = "<group>"; };
		38F2CF631337381F004FB9C2 /* UIEventScrollView.m */ = {isa = PBXFileReference; fileEncoding = 4; lastKnownFileType = sourcecode.c.objc; path = UIEventScrollView.m; sourceTree = "<group>"; };
/* End PBXFileReference section */

/* Begin PBXFrameworksBuildPhase section */
		38730434133732DE004C8E89 /* Frameworks */ = {
			isa = PBXFrameworksBuildPhase;
			buildActionMask = 2147483647;
			files = (
				38730438133732DE004C8E89 /* Foundation.framework in Frameworks */,
			);
			runOnlyForDeploymentPostprocessing = 0;
		};
		3873043D133732DE004C8E89 /* Frameworks */ = {
			isa = PBXFrameworksBuildPhase;
			buildActionMask = 2147483647;
			files = (
				38730442133732DE004C8E89 /* UIKit.framework in Frameworks */,
				38730443133732DE004C8E89 /* Foundation.framework in Frameworks */,
				38730444133732DE004C8E89 /* CoreGraphics.framework in Frameworks */,
				38730447133732DE004C8E89 /* libIdealUIKit.a in Frameworks */,
			);
			runOnlyForDeploymentPostprocessing = 0;
		};
		38C7A96E1495181800381910 /* Frameworks */ = {
			isa = PBXFrameworksBuildPhase;
			buildActionMask = 2147483647;
			files = (
				38C7A9D114951D2C00381910 /* Foundation.framework in Frameworks */,
			);
			runOnlyForDeploymentPostprocessing = 0;
		};
		38C7A9841495181800381910 /* Frameworks */ = {
			isa = PBXFrameworksBuildPhase;
			buildActionMask = 2147483647;
			files = (
				382302CB14E8123200EA6EF2 /* Foundation.framework in Frameworks */,
				38C7A98A1495181800381910 /* SenTestingKit.framework in Frameworks */,
				38C7A98E1495181800381910 /* IdealCocoa.framework in Frameworks */,
			);
			runOnlyForDeploymentPostprocessing = 0;
		};
/* End PBXFrameworksBuildPhase section */

/* Begin PBXGroup section */
		383764C913373154007072FD = {
			isa = PBXGroup;
			children = (
				3868F3B01628801600C31163 /* cdebug */,
				3868F7F2162DA8D800C31163 /* FoundationExtension */,
				3868F857162DA8FD00C31163 /* UIKitExtension */,
				383764D913373154007072FD /* IdealCocoa */,
				3837655F1337324D007072FD /* IdealUIKit */,
				383764D613373154007072FD /* Frameworks */,
				383764D513373154007072FD /* Products */,
			);
			sourceTree = "<group>";
		};
		383764D513373154007072FD /* Products */ = {
			isa = PBXGroup;
			children = (
				38730437133732DE004C8E89 /* libIdealUIKit.a */,
				38730441133732DE004C8E89 /* IdealUIKitTests.octest */,
				38C7A9721495181800381910 /* IdealCocoa.framework */,
				38C7A9881495181800381910 /* IdealCocoaTests.octest */,
			);
			name = Products;
			sourceTree = "<group>";
		};
		383764D613373154007072FD /* Frameworks */ = {
			isa = PBXGroup;
			children = (
				383764D713373154007072FD /* Foundation.framework */,
				383764E213373155007072FD /* UIKit.framework */,
				383764E513373155007072FD /* CoreGraphics.framework */,
				38C7A9D014951D2C00381910 /* Foundation.framework */,
				38C7A9891495181800381910 /* SenTestingKit.framework */,
				38660A24161AD86000C5CE06 /* Cocoa.framework */,
				38C7A9751495181800381910 /* Other Frameworks */,
			);
			name = Frameworks;
			sourceTree = "<group>";
		};
		383764D913373154007072FD /* IdealCocoa */ = {
			isa = PBXGroup;
			children = (
				383764DA13373155007072FD /* Supporting Files */,
				3837652013373240007072FD /* IdealCocoa.h */,
				382302C114E6AB4700EA6EF2 /* ICStorage.h */,
				382302C214E6AB4700EA6EF2 /* ICStorage.m */,
				382302B814E671E700EA6EF2 /* ICCacheStorage.h */,
				382302B914E671E700EA6EF2 /* ICCacheStorage.m */,
				3865F8AA14E509B3008A6BA3 /* ICCacheRequest.h */,
				3865F8AB14E509B3008A6BA3 /* ICCacheRequest.m */,
				3837650D13373240007072FD /* ICCache.h */,
				3837650E13373240007072FD /* ICCache.m */,
				3837651513373240007072FD /* ICPreference.h */,
				3837651613373240007072FD /* ICPreference.m */,
				3837651713373240007072FD /* ICSQLWrapper.h */,
				3837651913373240007072FD /* ICSqlite3.h */,
				3837651D13373240007072FD /* ICXML.h */,
				383764EA13373155007072FD /* Tests */,
			);
			path = IdealCocoa;
			sourceTree = "<group>";
		};
		383764DA13373155007072FD /* Supporting Files */ = {
			isa = PBXGroup;
			children = (
				38C7A97B1495181800381910 /* IdealCocoa-Info.plist */,
				3837650B13373222007072FD /* IdealCocoa_Prefix.pch */,
			);
			name = "Supporting Files";
			sourceTree = "<group>";
		};
		383764EA13373155007072FD /* Tests */ = {
			isa = PBXGroup;
			children = (
				383764F113373155007072FD /* IdealCocoaTests.h */,
				383764F313373155007072FD /* IdealCocoaTests.m */,
				3868F884162DAB5A00C31163 /* IdealCocoaStorageTests.h */,
				382302CD14E8125900EA6EF2 /* IdealCocoaStorageTests.m */,
				3865F8A614E504FB008A6BA3 /* IdealCocoaCacheTests.h */,
				3865F8A714E504FB008A6BA3 /* IdealCocoaCacheTests.m */,
				383764EB13373155007072FD /* Supporting Files */,
			);
			name = Tests;
			path = IdealCocoaTests;
			sourceTree = SOURCE_ROOT;
		};
		383764EB13373155007072FD /* Supporting Files */ = {
			isa = PBXGroup;
			children = (
				383764EC13373155007072FD /* IdealCocoaTests-Info.plist */,
				383764F013373155007072FD /* IdealCocoaTests-Prefix.pch */,
				38C7A9921495181900381910 /* InfoPlist.strings */,
			);
			name = "Supporting Files";
			sourceTree = "<group>";
		};
		3837655F1337324D007072FD /* IdealUIKit */ = {
			isa = PBXGroup;
			children = (
				3837658A13373270007072FD /* Supporting Files */,
				38F2CF571337381E004FB9C2 /* IdealUIKit.h */,
				38F2CF531337381E004FB9C2 /* ICCoverFlowView.h */,
				38F2CF541337381E004FB9C2 /* ICCoverFlowView.m */,
				38F2CF551337381E004FB9C2 /* ICImageCachedControls.h */,
				38F2CF561337381E004FB9C2 /* ICImageCachedControls.m */,
				38F2CF621337381F004FB9C2 /* UIEventScrollView.h */,
				38F2CF631337381F004FB9C2 /* UIEventScrollView.m */,
				380ED29113B05A0E00986433 /* ICTableViewCellCopyable.h */,
				380ED29213B05A0E00986433 /* ICTableViewCellCopyable.m */,
				3868F880162DAA0C00C31163 /* UIImageCacheAdditions.h */,
				3868F881162DAA0C00C31163 /* UIImageCacheAdditions.m */,
				38730448133732DE004C8E89 /* Tests */,
			);
			path = IdealUIKit;
			sourceTree = "<group>";
		};
		3837658A13373270007072FD /* Supporting Files */ = {
			isa = PBXGroup;
			children = (
				3837658B13373280007072FD /* IdealUIKit_Prefix.pch */,
			);
			name = "Supporting Files";
			sourceTree = "<group>";
		};
		3868F3B01628801600C31163 /* cdebug */ = {
			isa = PBXGroup;
			children = (
				3868F3B11628801600C31163 /* LICENSE */,
				3868F3B21628801600C31163 /* debug.h */,
			);
			path = cdebug;
			sourceTree = "<group>";
		};
		3868F7F2162DA8D800C31163 /* FoundationExtension */ = {
			isa = PBXGroup;
			children = (
				388DE14A165547CA00139B31 /* FoundationExtension.h */,
				388DE14B165547CA00139B31 /* NSAArray.h */,
				388DE14C165547CA00139B31 /* NSAArray.m */,
				388DE14D165547CA00139B31 /* NSAClass.h */,
				388DE14E165547CA00139B31 /* NSAClass.m */,
				388DE14F165547CA00139B31 /* NSACommonDigest.h */,
				388DE150165547CA00139B31 /* NSACommonDigest.m */,
				388DE151165547CA00139B31 /* NSADataObject.h */,
				388DE152165547CA00139B31 /* NSADataObject.m */,
				388DE153165547CA00139B31 /* NSADictionary.h */,
				388DE154165547CA00139B31 /* NSADictionary.m */,
				388DE155165547CA00139B31 /* NSAFunctional.h */,
				388DE156165547CA00139B31 /* NSAFunctional.m */,
				388DE157165547CA00139B31 /* NSAOrderedDictionary.h */,
				388DE158165547CA00139B31 /* NSAOrderedDictionary.m */,
				388DE159165547CA00139B31 /* NSArray.h */,
				388DE15A165547CA00139B31 /* NSArray.m */,
				388DE15B165547CA00139B31 /* NSAString.h */,
				388DE15C165547CA00139B31 /* NSAString.m */,
				388DE15D165547CA00139B31 /* NSAttributedString.h */,
				388DE15E165547CA00139B31 /* NSAttributedString.m */,
				388DE15F165547CA00139B31 /* NSBundle.h */,
				388DE160165547CA00139B31 /* NSBundle.m */,
				388DE161165547CA00139B31 /* NSData.h */,
				388DE162165547CA00139B31 /* NSData.m */,
				388DE163165547CA00139B31 /* NSDate.h */,
				388DE164165547CA00139B31 /* NSDate.m */,
				388DE165165547CA00139B31 /* NSDictionary.h */,
				388DE166165547CA00139B31 /* NSDictionary.m */,
				388DE167165547CA00139B31 /* NSJSONSerialization.h */,
				388DE168165547CA00139B31 /* NSJSONSerialization.m */,
				388DE169165547CA00139B31 /* NSNumberFormatter.h */,
				388DE16A165547CA00139B31 /* NSNumberFormatter.m */,
				388DE16B165547CA00139B31 /* NSObject.h */,
				388DE16C165547CA00139B31 /* NSObject.m */,
				388DE16D165547CA00139B31 /* NSPathUtilities.h */,
				388DE16E165547CA00139B31 /* NSPathUtilities.m */,
				388DE16F165547CA00139B31 /* NSString.h */,
				388DE170165547CA00139B31 /* NSString.m */,
				388DE171165547CA00139B31 /* NSStringEncoding.h */,
				388DE172165547CA00139B31 /* NSTimer.h */,
				388DE173165547CA00139B31 /* NSTimer.m */,
				388DE174165547CA00139B31 /* NSURL.h */,
				388DE175165547CA00139B31 /* NSURL.m */,
				388DE176165547CA00139B31 /* NSURLRequest.h */,
				388DE177165547CA00139B31 /* NSURLRequest.m */,
				388DE178165547CA00139B31 /* NSURLRequestCreations.h */,
				388DE179165547CA00139B31 /* NSURLRequestCreations.m */,
			);
			name = FoundationExtension;
			path = "FoundationExtension-repo/FoundationExtension";
			sourceTree = "<group>";
		};
		3868F857162DA8FD00C31163 /* UIKitExtension */ = {
			isa = PBXGroup;
			children = (
				388DE1E71655490400139B31 /* NSAttributedString.h */,
				388DE1E81655490400139B31 /* NSAttributedString.m */,
				388DE1EF1655490400139B31 /* UIAlertView.h */,
				388DE1F01655490400139B31 /* UIAlertView.m */,
				388DE1F11655490400139B31 /* UIApplication.h */,
				388DE1F21655490400139B31 /* UIApplication.m */,
				388DE1F31655490400139B31 /* UIColor.h */,
				388DE1F41655490400139B31 /* UIColor.m */,
				388DE1F51655490400139B31 /* UIControl.h */,
				388DE1F61655490400139B31 /* UIControl.m */,
				388DE1F71655490400139B31 /* UIDevice.h */,
				388DE1F81655490400139B31 /* UIDevice.m */,
				388DE1F91655490400139B31 /* UIImage.h */,
				388DE1FA1655490400139B31 /* UIImage.m */,
				388DE1FC1655490400139B31 /* UIKitExtension.h */,
				388DE1FD1655490400139B31 /* UIScrollView.h */,
				388DE1FE1655490400139B31 /* UIScrollView.m */,
				388DE1FF1655490400139B31 /* UIWebView.h */,
				388DE2001655490400139B31 /* UIWebView.m */,
			);
			name = UIKitExtension;
			path = FoundationExtension/UIKitExtension;
			sourceTree = "<group>";
		};
		38730448133732DE004C8E89 /* Tests */ = {
			isa = PBXGroup;
			children = (
				3873044F133732DE004C8E89 /* IdealUIKitTests.h */,
				38730451133732DE004C8E89 /* IdealUIKitTests.m */,
				38730449133732DE004C8E89 /* Supporting Files */,
			);
			name = Tests;
			path = IdealUIKitTests;
			sourceTree = SOURCE_ROOT;
		};
		38730449133732DE004C8E89 /* Supporting Files */ = {
			isa = PBXGroup;
			children = (
				3873044A133732DE004C8E89 /* IdealUIKitTests-Info.plist */,
				3873044E133732DE004C8E89 /* IdealUIKitTests-Prefix.pch */,
			);
			name = "Supporting Files";
			sourceTree = "<group>";
		};
		38C7A9751495181800381910 /* Other Frameworks */ = {
			isa = PBXGroup;
			children = (
				38C7A9761495181800381910 /* AppKit.framework */,
				38C7A9771495181800381910 /* CoreData.framework */,
				38C7A9781495181800381910 /* Foundation.framework */,
			);
			name = "Other Frameworks";
			sourceTree = "<group>";
		};
/* End PBXGroup section */

/* Begin PBXHeadersBuildPhase section */
		38730435133732DE004C8E89 /* Headers */ = {
			isa = PBXHeadersBuildPhase;
			buildActionMask = 2147483647;
			files = (
				3873046D133732FE004C8E89 /* IdealCocoa.h in Headers */,
				3873045A133732FE004C8E89 /* ICCache.h in Headers */,
				38730462133732FE004C8E89 /* ICPreference.h in Headers */,
				38730464133732FE004C8E89 /* ICSQLWrapper.h in Headers */,
				38730466133732FE004C8E89 /* ICSqlite3.h in Headers */,
				3873046A133732FE004C8E89 /* ICXML.h in Headers */,
				38F2CF681337381F004FB9C2 /* ICCoverFlowView.h in Headers */,
				38F2CF6A1337381F004FB9C2 /* ICImageCachedControls.h in Headers */,
				38F2CF6C1337381F004FB9C2 /* IdealUIKit.h in Headers */,
				38F2CF771337381F004FB9C2 /* UIEventScrollView.h in Headers */,
				380ED29313B05A0E00986433 /* ICTableViewCellCopyable.h in Headers */,
				3865F8AD14E509B3008A6BA3 /* ICCacheRequest.h in Headers */,
				382302BB14E671E700EA6EF2 /* ICCacheStorage.h in Headers */,
				382302C414E6AB4700EA6EF2 /* ICStorage.h in Headers */,
				3868F882162DAA0C00C31163 /* UIImageCacheAdditions.h in Headers */,
				388DE17B165547CA00139B31 /* FoundationExtension.h in Headers */,
				388DE17D165547CA00139B31 /* NSAArray.h in Headers */,
				388DE181165547CA00139B31 /* NSAClass.h in Headers */,
				388DE185165547CA00139B31 /* NSACommonDigest.h in Headers */,
				388DE189165547CA00139B31 /* NSADataObject.h in Headers */,
				388DE18D165547CA00139B31 /* NSADictionary.h in Headers */,
				388DE191165547CA00139B31 /* NSAFunctional.h in Headers */,
				388DE195165547CA00139B31 /* NSAOrderedDictionary.h in Headers */,
				388DE199165547CA00139B31 /* NSArray.h in Headers */,
				388DE19D165547CA00139B31 /* NSAString.h in Headers */,
				388DE1A1165547CA00139B31 /* NSAttributedString.h in Headers */,
				388DE1A5165547CA00139B31 /* NSBundle.h in Headers */,
				388DE1A9165547CA00139B31 /* NSData.h in Headers */,
				388DE1AD165547CA00139B31 /* NSDate.h in Headers */,
				388DE1B1165547CA00139B31 /* NSDictionary.h in Headers */,
				388DE1B5165547CA00139B31 /* NSJSONSerialization.h in Headers */,
				388DE1B9165547CA00139B31 /* NSNumberFormatter.h in Headers */,
				388DE1BD165547CB00139B31 /* NSObject.h in Headers */,
				388DE1C1165547CB00139B31 /* NSPathUtilities.h in Headers */,
				388DE1C5165547CB00139B31 /* NSString.h in Headers */,
				388DE1C9165547CB00139B31 /* NSStringEncoding.h in Headers */,
				388DE1CB165547CB00139B31 /* NSTimer.h in Headers */,
				388DE1CF165547CB00139B31 /* NSURL.h in Headers */,
				388DE1D3165547CB00139B31 /* NSURLRequest.h in Headers */,
				388DE1D7165547CB00139B31 /* NSURLRequestCreations.h in Headers */,
				388DE2011655490400139B31 /* NSAttributedString.h in Headers */,
				388DE2031655490400139B31 /* UIAlertView.h in Headers */,
				388DE2051655490400139B31 /* UIApplication.h in Headers */,
				388DE2071655490400139B31 /* UIColor.h in Headers */,
				388DE2091655490400139B31 /* UIControl.h in Headers */,
				388DE20B1655490400139B31 /* UIDevice.h in Headers */,
				388DE20D1655490400139B31 /* UIImage.h in Headers */,
				388DE2101655490400139B31 /* UIKitExtension.h in Headers */,
				388DE2111655490400139B31 /* UIScrollView.h in Headers */,
				388DE2131655490400139B31 /* UIWebView.h in Headers */,
			);
			runOnlyForDeploymentPostprocessing = 0;
		};
		38C7A96F1495181800381910 /* Headers */ = {
			isa = PBXHeadersBuildPhase;
			buildActionMask = 2147483647;
			files = (
				38C7A9A114951C3300381910 /* IdealCocoa.h in Headers */,
				38C7A9A214951C3300381910 /* ICCache.h in Headers */,
				38C7A9AA14951C3300381910 /* ICPreference.h in Headers */,
				38C7A9AC14951C3300381910 /* ICSQLWrapper.h in Headers */,
				38C7A9AE14951C3300381910 /* ICSqlite3.h in Headers */,
				38C7A9B214951C3300381910 /* ICXML.h in Headers */,
				388DE17A165547CA00139B31 /* FoundationExtension.h in Headers */,
				388DE17C165547CA00139B31 /* NSAArray.h in Headers */,
				388DE180165547CA00139B31 /* NSAClass.h in Headers */,
				388DE184165547CA00139B31 /* NSACommonDigest.h in Headers */,
				388DE188165547CA00139B31 /* NSADataObject.h in Headers */,
				388DE18C165547CA00139B31 /* NSADictionary.h in Headers */,
				388DE190165547CA00139B31 /* NSAFunctional.h in Headers */,
				388DE194165547CA00139B31 /* NSAOrderedDictionary.h in Headers */,
				388DE198165547CA00139B31 /* NSArray.h in Headers */,
				388DE19C165547CA00139B31 /* NSAString.h in Headers */,
				388DE1A0165547CA00139B31 /* NSAttributedString.h in Headers */,
				388DE1A4165547CA00139B31 /* NSBundle.h in Headers */,
				388DE1A8165547CA00139B31 /* NSData.h in Headers */,
				388DE1AC165547CA00139B31 /* NSDate.h in Headers */,
				388DE1B0165547CA00139B31 /* NSDictionary.h in Headers */,
				388DE1B4165547CA00139B31 /* NSJSONSerialization.h in Headers */,
				388DE1B8165547CA00139B31 /* NSNumberFormatter.h in Headers */,
				388DE1BC165547CB00139B31 /* NSObject.h in Headers */,
				388DE1C0165547CB00139B31 /* NSPathUtilities.h in Headers */,
				388DE1C4165547CB00139B31 /* NSString.h in Headers */,
				388DE1C8165547CB00139B31 /* NSStringEncoding.h in Headers */,
				388DE1CA165547CB00139B31 /* NSTimer.h in Headers */,
				388DE1CE165547CB00139B31 /* NSURL.h in Headers */,
				388DE1D2165547CB00139B31 /* NSURLRequest.h in Headers */,
				388DE1D6165547CB00139B31 /* NSURLRequestCreations.h in Headers */,
			);
			runOnlyForDeploymentPostprocessing = 0;
		};
/* End PBXHeadersBuildPhase section */

/* Begin PBXNativeTarget section */
		38730436133732DE004C8E89 /* IdealUIKit */ = {
			isa = PBXNativeTarget;
			buildConfigurationList = 38730457133732DE004C8E89 /* Build configuration list for PBXNativeTarget "IdealUIKit" */;
			buildPhases = (
				38730433133732DE004C8E89 /* Sources */,
				38730434133732DE004C8E89 /* Frameworks */,
				38730435133732DE004C8E89 /* Headers */,
			);
			buildRules = (
			);
			dependencies = (
			);
			name = IdealUIKit;
			productName = IdealUIKit;
			productReference = 38730437133732DE004C8E89 /* libIdealUIKit.a */;
			productType = "com.apple.product-type.library.static";
		};
		38730440133732DE004C8E89 /* IdealUIKitTests */ = {
			isa = PBXNativeTarget;
			buildConfigurationList = 38730458133732DE004C8E89 /* Build configuration list for PBXNativeTarget "IdealUIKitTests" */;
			buildPhases = (
				3873043C133732DE004C8E89 /* Sources */,
				3873043D133732DE004C8E89 /* Frameworks */,
				3873043E133732DE004C8E89 /* Resources */,
				3873043F133732DE004C8E89 /* ShellScript */,
			);
			buildRules = (
			);
			dependencies = (
				38730446133732DE004C8E89 /* PBXTargetDependency */,
			);
			name = IdealUIKitTests;
			productName = IdealUIKitTests;
			productReference = 38730441133732DE004C8E89 /* IdealUIKitTests.octest */;
			productType = "com.apple.product-type.bundle";
		};
		38C7A9711495181800381910 /* IdealCocoa */ = {
			isa = PBXNativeTarget;
			buildConfigurationList = 38C7A9981495181900381910 /* Build configuration list for PBXNativeTarget "IdealCocoa" */;
			buildPhases = (
				38C7A96D1495181800381910 /* Sources */,
				38C7A96E1495181800381910 /* Frameworks */,
				38C7A96F1495181800381910 /* Headers */,
				38C7A9701495181800381910 /* Resources */,
			);
			buildRules = (
			);
			dependencies = (
			);
			name = IdealCocoa;
			productName = IdealCocoa;
			productReference = 38C7A9721495181800381910 /* IdealCocoa.framework */;
			productType = "com.apple.product-type.framework";
		};
		38C7A9871495181800381910 /* IdealCocoaTests */ = {
			isa = PBXNativeTarget;
			buildConfigurationList = 38C7A99B1495181900381910 /* Build configuration list for PBXNativeTarget "IdealCocoaTests" */;
			buildPhases = (
				38C7A9831495181800381910 /* Sources */,
				38C7A9841495181800381910 /* Frameworks */,
				38C7A9851495181800381910 /* Resources */,
				38C7A9861495181800381910 /* ShellScript */,
			);
			buildRules = (
			);
			dependencies = (
				38C7A98D1495181800381910 /* PBXTargetDependency */,
			);
			name = IdealCocoaTests;
			productName = IdealCocoaTests;
			productReference = 38C7A9881495181800381910 /* IdealCocoaTests.octest */;
			productType = "com.apple.product-type.bundle";
		};
/* End PBXNativeTarget section */

/* Begin PBXProject section */
		383764CB13373154007072FD /* Project object */ = {
			isa = PBXProject;
			attributes = {
				LastUpgradeCheck = 0450;
				ORGANIZATIONNAME = youknowone.org;
			};
			buildConfigurationList = 383764CE13373154007072FD /* Build configuration list for PBXProject "IdealCocoa" */;
			compatibilityVersion = "Xcode 3.2";
			developmentRegion = English;
			hasScannedForEncodings = 0;
			knownRegions = (
				en,
			);
			mainGroup = 383764C913373154007072FD;
			productRefGroup = 383764D513373154007072FD /* Products */;
			projectDirPath = "";
			projectRoot = "";
			targets = (
				38C7A9711495181800381910 /* IdealCocoa */,
				38C7A9871495181800381910 /* IdealCocoaTests */,
				38730436133732DE004C8E89 /* IdealUIKit */,
				38730440133732DE004C8E89 /* IdealUIKitTests */,
			);
		};
/* End PBXProject section */

/* Begin PBXResourcesBuildPhase section */
		3873043E133732DE004C8E89 /* Resources */ = {
			isa = PBXResourcesBuildPhase;
			buildActionMask = 2147483647;
			files = (
				38730450133732DE004C8E89 /* IdealUIKitTests.h in Resources */,
			);
			runOnlyForDeploymentPostprocessing = 0;
		};
		38C7A9701495181800381910 /* Resources */ = {
			isa = PBXResourcesBuildPhase;
			buildActionMask = 2147483647;
			files = (
			);
			runOnlyForDeploymentPostprocessing = 0;
		};
		38C7A9851495181800381910 /* Resources */ = {
			isa = PBXResourcesBuildPhase;
			buildActionMask = 2147483647;
			files = (
				38C7A9941495181900381910 /* InfoPlist.strings in Resources */,
			);
			runOnlyForDeploymentPostprocessing = 0;
		};
/* End PBXResourcesBuildPhase section */

/* Begin PBXShellScriptBuildPhase section */
		3873043F133732DE004C8E89 /* ShellScript */ = {
			isa = PBXShellScriptBuildPhase;
			buildActionMask = 2147483647;
			files = (
			);
			inputPaths = (
			);
			outputPaths = (
			);
			runOnlyForDeploymentPostprocessing = 0;
			shellPath = /bin/sh;
			shellScript = "# Run the unit tests in this test bundle.\n\"${SYSTEM_DEVELOPER_DIR}/Tools/RunUnitTests\"\n";
		};
		38C7A9861495181800381910 /* ShellScript */ = {
			isa = PBXShellScriptBuildPhase;
			buildActionMask = 2147483647;
			files = (
			);
			inputPaths = (
			);
			outputPaths = (
			);
			runOnlyForDeploymentPostprocessing = 0;
			shellPath = /bin/sh;
			shellScript = "# Run the unit tests in this test bundle.\n\"${SYSTEM_DEVELOPER_DIR}/Tools/RunUnitTests\"\n";
		};
/* End PBXShellScriptBuildPhase section */

/* Begin PBXSourcesBuildPhase section */
		38730433133732DE004C8E89 /* Sources */ = {
			isa = PBXSourcesBuildPhase;
			buildActionMask = 2147483647;
			files = (
				3873045B133732FE004C8E89 /* ICCache.m in Sources */,
				38730463133732FE004C8E89 /* ICPreference.m in Sources */,
				38F2CF691337381F004FB9C2 /* ICCoverFlowView.m in Sources */,
				38F2CF6B1337381F004FB9C2 /* ICImageCachedControls.m in Sources */,
				38F2CF781337381F004FB9C2 /* UIEventScrollView.m in Sources */,
				380ED29413B05A0E00986433 /* ICTableViewCellCopyable.m in Sources */,
				3865F8B014E509B3008A6BA3 /* ICCacheRequest.m in Sources */,
				382302BE14E671E700EA6EF2 /* ICCacheStorage.m in Sources */,
				382302C714E6AB4700EA6EF2 /* ICStorage.m in Sources */,
				3868F883162DAA0C00C31163 /* UIImageCacheAdditions.m in Sources */,
				388DE17F165547CA00139B31 /* NSAArray.m in Sources */,
				388DE183165547CA00139B31 /* NSAClass.m in Sources */,
				388DE187165547CA00139B31 /* NSACommonDigest.m in Sources */,
				388DE18B165547CA00139B31 /* NSADataObject.m in Sources */,
				388DE18F165547CA00139B31 /* NSADictionary.m in Sources */,
				388DE193165547CA00139B31 /* NSAFunctional.m in Sources */,
				388DE197165547CA00139B31 /* NSAOrderedDictionary.m in Sources */,
				388DE19B165547CA00139B31 /* NSArray.m in Sources */,
				388DE19F165547CA00139B31 /* NSAString.m in Sources */,
				388DE1A3165547CA00139B31 /* NSAttributedString.m in Sources */,
				388DE1A7165547CA00139B31 /* NSBundle.m in Sources */,
				388DE1AB165547CA00139B31 /* NSData.m in Sources */,
				388DE1AF165547CA00139B31 /* NSDate.m in Sources */,
				388DE1B3165547CA00139B31 /* NSDictionary.m in Sources */,
				388DE1B7165547CA00139B31 /* NSJSONSerialization.m in Sources */,
				388DE1BB165547CB00139B31 /* NSNumberFormatter.m in Sources */,
				388DE1BF165547CB00139B31 /* NSObject.m in Sources */,
				388DE1C3165547CB00139B31 /* NSPathUtilities.m in Sources */,
				388DE1C7165547CB00139B31 /* NSString.m in Sources */,
				388DE1CD165547CB00139B31 /* NSTimer.m in Sources */,
				388DE1D1165547CB00139B31 /* NSURL.m in Sources */,
				388DE1D5165547CB00139B31 /* NSURLRequest.m in Sources */,
				388DE1D9165547CB00139B31 /* NSURLRequestCreations.m in Sources */,
				388DE2021655490400139B31 /* NSAttributedString.m in Sources */,
				388DE2041655490400139B31 /* UIAlertView.m in Sources */,
				388DE2061655490400139B31 /* UIApplication.m in Sources */,
				388DE2081655490400139B31 /* UIColor.m in Sources */,
				388DE20A1655490400139B31 /* UIControl.m in Sources */,
				388DE20C1655490400139B31 /* UIDevice.m in Sources */,
				388DE20E1655490400139B31 /* UIImage.m in Sources */,
				388DE2121655490400139B31 /* UIScrollView.m in Sources */,
				388DE2141655490400139B31 /* UIWebView.m in Sources */,
			);
			runOnlyForDeploymentPostprocessing = 0;
		};
		3873043C133732DE004C8E89 /* Sources */ = {
			isa = PBXSourcesBuildPhase;
			buildActionMask = 2147483647;
			files = (
				38730452133732DE004C8E89 /* IdealUIKitTests.m in Sources */,
				382302D314E8125900EA6EF2 /* IdealCocoaStorageTests.m in Sources */,
				382302D414E814B900EA6EF2 /* IdealCocoaCacheTests.m in Sources */,
				382302D614E822B900EA6EF2 /* IdealCocoaTests.m in Sources */,
			);
			runOnlyForDeploymentPostprocessing = 0;
		};
		38C7A96D1495181800381910 /* Sources */ = {
			isa = PBXSourcesBuildPhase;
			buildActionMask = 2147483647;
			files = (
				38C7A9A314951C3300381910 /* ICCache.m in Sources */,
				38C7A9AB14951C3300381910 /* ICPreference.m in Sources */,
				3865F8AE14E509B3008A6BA3 /* ICCacheRequest.m in Sources */,
				382302BC14E671E700EA6EF2 /* ICCacheStorage.m in Sources */,
				382302C514E6AB4700EA6EF2 /* ICStorage.m in Sources */,
				388DE17E165547CA00139B31 /* NSAArray.m in Sources */,
				388DE182165547CA00139B31 /* NSAClass.m in Sources */,
				388DE186165547CA00139B31 /* NSACommonDigest.m in Sources */,
				388DE18A165547CA00139B31 /* NSADataObject.m in Sources */,
				388DE18E165547CA00139B31 /* NSADictionary.m in Sources */,
				388DE192165547CA00139B31 /* NSAFunctional.m in Sources */,
				388DE196165547CA00139B31 /* NSAOrderedDictionary.m in Sources */,
				388DE19A165547CA00139B31 /* NSArray.m in Sources */,
				388DE19E165547CA00139B31 /* NSAString.m in Sources */,
				388DE1A2165547CA00139B31 /* NSAttributedString.m in Sources */,
				388DE1A6165547CA00139B31 /* NSBundle.m in Sources */,
				388DE1AA165547CA00139B31 /* NSData.m in Sources */,
				388DE1AE165547CA00139B31 /* NSDate.m in Sources */,
				388DE1B2165547CA00139B31 /* NSDictionary.m in Sources */,
				388DE1B6165547CA00139B31 /* NSJSONSerialization.m in Sources */,
				388DE1BA165547CA00139B31 /* NSNumberFormatter.m in Sources */,
				388DE1BE165547CB00139B31 /* NSObject.m in Sources */,
				388DE1C2165547CB00139B31 /* NSPathUtilities.m in Sources */,
				388DE1C6165547CB00139B31 /* NSString.m in Sources */,
				388DE1CC165547CB00139B31 /* NSTimer.m in Sources */,
				388DE1D0165547CB00139B31 /* NSURL.m in Sources */,
				388DE1D4165547CB00139B31 /* NSURLRequest.m in Sources */,
				388DE1D8165547CB00139B31 /* NSURLRequestCreations.m in Sources */,
			);
			runOnlyForDeploymentPostprocessing = 0;
		};
		38C7A9831495181800381910 /* Sources */ = {
			isa = PBXSourcesBuildPhase;
			buildActionMask = 2147483647;
			files = (
				3865F8A814E504FB008A6BA3 /* IdealCocoaCacheTests.m in Sources */,
				382302D114E8125900EA6EF2 /* IdealCocoaStorageTests.m in Sources */,
				382302D514E822B800EA6EF2 /* IdealCocoaTests.m in Sources */,
			);
			runOnlyForDeploymentPostprocessing = 0;
		};
/* End PBXSourcesBuildPhase section */

/* Begin PBXTargetDependency section */
		38730446133732DE004C8E89 /* PBXTargetDependency */ = {
			isa = PBXTargetDependency;
			target = 38730436133732DE004C8E89 /* IdealUIKit */;
			targetProxy = 38730445133732DE004C8E89 /* PBXContainerItemProxy */;
		};
		38C7A98D1495181800381910 /* PBXTargetDependency */ = {
			isa = PBXTargetDependency;
			target = 38C7A9711495181800381910 /* IdealCocoa */;
			targetProxy = 38C7A98C1495181800381910 /* PBXContainerItemProxy */;
		};
/* End PBXTargetDependency section */

/* Begin PBXVariantGroup section */
		38C7A9921495181900381910 /* InfoPlist.strings */ = {
			isa = PBXVariantGroup;
			children = (
				38C7A9931495181900381910 /* en */,
			);
			name = InfoPlist.strings;
			sourceTree = "<group>";
		};
/* End PBXVariantGroup section */

/* Begin XCBuildConfiguration section */
		383764F513373155007072FD /* Debug */ = {
			isa = XCBuildConfiguration;
			buildSettings = {
				GCC_C_LANGUAGE_STANDARD = gnu99;
				GCC_OPTIMIZATION_LEVEL = 0;
				GCC_PREPROCESSOR_DEFINITIONS = DEBUG;
				GCC_SYMBOLS_PRIVATE_EXTERN = NO;
				GCC_WARN_ABOUT_RETURN_TYPE = YES;
				GCC_WARN_UNUSED_VARIABLE = YES;
				HEADER_SEARCH_PATHS = (
					.,
					FoundationExtension,
				);
			};
			name = Debug;
		};
		383764F613373155007072FD /* Release */ = {
			isa = XCBuildConfiguration;
			buildSettings = {
				GCC_C_LANGUAGE_STANDARD = gnu99;
				GCC_WARN_ABOUT_RETURN_TYPE = YES;
				GCC_WARN_UNUSED_VARIABLE = YES;
				HEADER_SEARCH_PATHS = (
					.,
					FoundationExtension,
				);
			};
			name = Release;
		};
		38730453133732DE004C8E89 /* Debug */ = {
			isa = XCBuildConfiguration;
			buildSettings = {
				ALWAYS_SEARCH_USER_PATHS = NO;
				DSTROOT = /tmp/IdealUIKit.dst;
				GCC_PRECOMPILE_PREFIX_HEADER = YES;
				GCC_PREFIX_HEADER = IdealUIKit/IdealUIKit_Prefix.pch;
				IPHONEOS_DEPLOYMENT_TARGET = 5.0;
				OTHER_LDFLAGS = "-ObjC";
				PRODUCT_NAME = "$(TARGET_NAME)";
				SDKROOT = iphoneos;
				SKIP_INSTALL = YES;
			};
			name = Debug;
		};
		38730454133732DE004C8E89 /* Release */ = {
			isa = XCBuildConfiguration;
			buildSettings = {
				ALWAYS_SEARCH_USER_PATHS = NO;
				DSTROOT = /tmp/IdealUIKit.dst;
				GCC_PRECOMPILE_PREFIX_HEADER = YES;
				GCC_PREFIX_HEADER = IdealUIKit/IdealUIKit_Prefix.pch;
				IPHONEOS_DEPLOYMENT_TARGET = 5.0;
				OTHER_LDFLAGS = "-ObjC";
				PRODUCT_NAME = "$(TARGET_NAME)";
				SDKROOT = iphoneos;
				SKIP_INSTALL = YES;
			};
			name = Release;
		};
		38730455133732DE004C8E89 /* Debug */ = {
			isa = XCBuildConfiguration;
			buildSettings = {
				ALWAYS_SEARCH_USER_PATHS = NO;
				FRAMEWORK_SEARCH_PATHS = (
					"$(SDKROOT)/Developer/Library/Frameworks",
					"$(DEVELOPER_LIBRARY_DIR)/Frameworks",
				);
				GCC_PRECOMPILE_PREFIX_HEADER = YES;
				GCC_PREFIX_HEADER = IdealUIKit/IdealUIKit_Prefix.pch;
				INFOPLIST_FILE = "IdealUIKitTests/IdealUIKitTests-Info.plist";
				OTHER_LDFLAGS = (
					"-framework",
					SenTestingKit,
					"-all_load",
				);
				PRODUCT_NAME = "$(TARGET_NAME)";
				SDKROOT = iphoneos;
				WRAPPER_EXTENSION = octest;
			};
			name = Debug;
		};
		38730456133732DE004C8E89 /* Release */ = {
			isa = XCBuildConfiguration;
			buildSettings = {
				ALWAYS_SEARCH_USER_PATHS = NO;
				FRAMEWORK_SEARCH_PATHS = (
					"$(SDKROOT)/Developer/Library/Frameworks",
					"$(DEVELOPER_LIBRARY_DIR)/Frameworks",
				);
				GCC_PRECOMPILE_PREFIX_HEADER = YES;
				GCC_PREFIX_HEADER = IdealUIKit/IdealUIKit_Prefix.pch;
				INFOPLIST_FILE = "IdealUIKitTests/IdealUIKitTests-Info.plist";
				OTHER_LDFLAGS = (
					"-framework",
					SenTestingKit,
					"-all_load",
				);
				PRODUCT_NAME = "$(TARGET_NAME)";
				SDKROOT = iphoneos;
				WRAPPER_EXTENSION = octest;
			};
			name = Release;
		};
		38C7A9991495181900381910 /* Debug */ = {
			isa = XCBuildConfiguration;
			buildSettings = {
				ALWAYS_SEARCH_USER_PATHS = NO;
				ARCHS = "$(ARCHS_STANDARD_32_64_BIT)";
				COMBINE_HIDPI_IMAGES = YES;
				COPY_PHASE_STRIP = NO;
				DYLIB_COMPATIBILITY_VERSION = 1;
				DYLIB_CURRENT_VERSION = 1;
				FRAMEWORK_VERSION = A;
				GCC_DYNAMIC_NO_PIC = NO;
				GCC_ENABLE_OBJC_EXCEPTIONS = YES;
				GCC_PRECOMPILE_PREFIX_HEADER = YES;
				GCC_PREFIX_HEADER = IdealCocoa/IdealCocoa_Prefix.pch;
				GCC_PREPROCESSOR_DEFINITIONS = (
					"DEBUG=1",
					"$(inherited)",
				);
				GCC_WARN_64_TO_32_BIT_CONVERSION = YES;
				GCC_WARN_ABOUT_MISSING_PROTOTYPES = YES;
				INFOPLIST_FILE = "IdealCocoa/IdealCocoa-Info.plist";
				INSTALL_PATH = "@loader_path/../Frameworks";
				ONLY_ACTIVE_ARCH = YES;
				PRODUCT_NAME = "$(TARGET_NAME)";
				SDKROOT = macosx;
				WRAPPER_EXTENSION = framework;
			};
			name = Debug;
		};
		38C7A99A1495181900381910 /* Release */ = {
			isa = XCBuildConfiguration;
			buildSettings = {
				ALWAYS_SEARCH_USER_PATHS = NO;
				ARCHS = "$(ARCHS_STANDARD_32_64_BIT)";
				COMBINE_HIDPI_IMAGES = YES;
				COPY_PHASE_STRIP = YES;
				DEBUG_INFORMATION_FORMAT = "dwarf-with-dsym";
				DYLIB_COMPATIBILITY_VERSION = 1;
				DYLIB_CURRENT_VERSION = 1;
				FRAMEWORK_VERSION = A;
				GCC_ENABLE_OBJC_EXCEPTIONS = YES;
				GCC_PRECOMPILE_PREFIX_HEADER = YES;
				GCC_PREFIX_HEADER = IdealCocoa/IdealCocoa_Prefix.pch;
				GCC_WARN_64_TO_32_BIT_CONVERSION = YES;
				GCC_WARN_ABOUT_MISSING_PROTOTYPES = YES;
				INFOPLIST_FILE = "IdealCocoa/IdealCocoa-Info.plist";
				INSTALL_PATH = "@loader_path/../Frameworks";
				PRODUCT_NAME = "$(TARGET_NAME)";
				SDKROOT = macosx;
				WRAPPER_EXTENSION = framework;
			};
			name = Release;
		};
		38C7A99C1495181900381910 /* Debug */ = {
			isa = XCBuildConfiguration;
			buildSettings = {
				ALWAYS_SEARCH_USER_PATHS = NO;
				ARCHS = "$(ARCHS_STANDARD_32_64_BIT)";
				COMBINE_HIDPI_IMAGES = YES;
				COPY_PHASE_STRIP = NO;
				FRAMEWORK_SEARCH_PATHS = "$(DEVELOPER_LIBRARY_DIR)/Frameworks";
				GCC_DYNAMIC_NO_PIC = NO;
				GCC_ENABLE_OBJC_EXCEPTIONS = YES;
				GCC_PRECOMPILE_PREFIX_HEADER = YES;
				GCC_PREFIX_HEADER = IdealCocoa/IdealCocoa_Prefix.pch;
				GCC_PREPROCESSOR_DEFINITIONS = (
					"DEBUG=1",
					"$(inherited)",
				);
				GCC_VERSION = com.apple.compilers.llvm.clang.1_0;
				GCC_WARN_64_TO_32_BIT_CONVERSION = YES;
				GCC_WARN_ABOUT_MISSING_PROTOTYPES = YES;
				INFOPLIST_FILE = "IdealCocoaTests/IdealCocoaTests-Info.plist";
				MACOSX_DEPLOYMENT_TARGET = 10.7;
				ONLY_ACTIVE_ARCH = YES;
				PRODUCT_NAME = "$(TARGET_NAME)";
				SDKROOT = macosx;
				WRAPPER_EXTENSION = octest;
			};
			name = Debug;
		};
		38C7A99D1495181900381910 /* Release */ = {
			isa = XCBuildConfiguration;
			buildSettings = {
				ALWAYS_SEARCH_USER_PATHS = NO;
				ARCHS = "$(ARCHS_STANDARD_32_64_BIT)";
				COMBINE_HIDPI_IMAGES = YES;
				COPY_PHASE_STRIP = YES;
				DEBUG_INFORMATION_FORMAT = "dwarf-with-dsym";
				FRAMEWORK_SEARCH_PATHS = "$(DEVELOPER_LIBRARY_DIR)/Frameworks";
				GCC_ENABLE_OBJC_EXCEPTIONS = YES;
				GCC_PRECOMPILE_PREFIX_HEADER = YES;
				GCC_PREFIX_HEADER = IdealCocoa/IdealCocoa_Prefix.pch;
				GCC_VERSION = com.apple.compilers.llvm.clang.1_0;
				GCC_WARN_64_TO_32_BIT_CONVERSION = YES;
				GCC_WARN_ABOUT_MISSING_PROTOTYPES = YES;
				INFOPLIST_FILE = "IdealCocoaTests/IdealCocoaTests-Info.plist";
				MACOSX_DEPLOYMENT_TARGET = 10.7;
				PRODUCT_NAME = "$(TARGET_NAME)";
				SDKROOT = macosx;
				WRAPPER_EXTENSION = octest;
			};
			name = Release;
		};
/* End XCBuildConfiguration section */

/* Begin XCConfigurationList section */
		383764CE13373154007072FD /* Build configuration list for PBXProject "IdealCocoa" */ = {
			isa = XCConfigurationList;
			buildConfigurations = (
				383764F513373155007072FD /* Debug */,
				383764F613373155007072FD /* Release */,
			);
			defaultConfigurationIsVisible = 0;
			defaultConfigurationName = Release;
		};
		38730457133732DE004C8E89 /* Build configuration list for PBXNativeTarget "IdealUIKit" */ = {
			isa = XCConfigurationList;
			buildConfigurations = (
				38730453133732DE004C8E89 /* Debug */,
				38730454133732DE004C8E89 /* Release */,
			);
			defaultConfigurationIsVisible = 0;
			defaultConfigurationName = Release;
		};
		38730458133732DE004C8E89 /* Build configuration list for PBXNativeTarget "IdealUIKitTests" */ = {
			isa = XCConfigurationList;
			buildConfigurations = (
				38730455133732DE004C8E89 /* Debug */,
				38730456133732DE004C8E89 /* Release */,
			);
			defaultConfigurationIsVisible = 0;
			defaultConfigurationName = Release;
		};
		38C7A9981495181900381910 /* Build configuration list for PBXNativeTarget "IdealCocoa" */ = {
			isa = XCConfigurationList;
			buildConfigurations = (
				38C7A9991495181900381910 /* Debug */,
				38C7A99A1495181900381910 /* Release */,
			);
			defaultConfigurationIsVisible = 0;
			defaultConfigurationName = Release;
		};
		38C7A99B1495181900381910 /* Build configuration list for PBXNativeTarget "IdealCocoaTests" */ = {
			isa = XCConfigurationList;
			buildConfigurations = (
				38C7A99C1495181900381910 /* Debug */,
				38C7A99D1495181900381910 /* Release */,
			);
			defaultConfigurationIsVisible = 0;
			defaultConfigurationName = Release;
		};
/* End XCConfigurationList section */
	};
	rootObject = 383764CB13373154007072FD /* Project object */;
}
